// !$*UTF8*$!
{
	archiveVersion = 1;
	classes = {
	};
	objectVersion = 46;
	objects = {

/* Begin PBXBuildFile section */
		F423DF121B6A17E40036590C /* Events.m in Sources */ = {isa = PBXBuildFile; fileRef = F423DF111B6A17E40036590C /* Events.m */; };
		F423DF151B6A23F50036590C /* PlaceAnnotation.m in Sources */ = {isa = PBXBuildFile; fileRef = F423DF141B6A23F50036590C /* PlaceAnnotation.m */; };
		F423DF181B6A2A670036590C /* Event.m in Sources */ = {isa = PBXBuildFile; fileRef = F423DF171B6A2A670036590C /* Event.m */; };
		F423DF1A1B6A2C1E0036590C /* details.txt in Resources */ = {isa = PBXBuildFile; fileRef = F423DF191B6A2B810036590C /* details.txt */; };
		F423DF1D1B6A33A90036590C /* Cell.m in Sources */ = {isa = PBXBuildFile; fileRef = F423DF1C1B6A33A90036590C /* Cell.m */; };
		F42C096B1B5E032600CECFB8 /* Event.m in Sources */ = {isa = PBXBuildFile; fileRef = F42C096A1B5E032600CECFB8 /* Event.m */; };
		F42C096E1B5E143500CECFB8 /* CalController.m in Sources */ = {isa = PBXBuildFile; fileRef = F42C096D1B5E143500CECFB8 /* CalController.m */; };
		F42C09A11B5E55CE00CECFB8 /* images in Resources */ = {isa = PBXBuildFile; fileRef = F42C096F1B5E276E00CECFB8 /* images */; };
		F42C09A21B5E55E200CECFB8 /* main.m in Resources */ = {isa = PBXBuildFile; fileRef = F4477C8F1B54ECE50062C2A5 /* main.m */; };
		F44646D01B577F34003A3296 /* CoreLocation.framework in Frameworks */ = {isa = PBXBuildFile; fileRef = F44646CF1B577F34003A3296 /* CoreLocation.framework */; };
		F4477C901B54ECE50062C2A5 /* main.m in Sources */ = {isa = PBXBuildFile; fileRef = F4477C8F1B54ECE50062C2A5 /* main.m */; };
		F4477C931B54ECE50062C2A5 /* AppDelegate.m in Sources */ = {isa = PBXBuildFile; fileRef = F4477C921B54ECE50062C2A5 /* AppDelegate.m */; };
		F4477C961B54ECE50062C2A5 /* ViewController.m in Sources */ = {isa = PBXBuildFile; fileRef = F4477C951B54ECE50062C2A5 /* ViewController.m */; };
		F4477C991B54ECE50062C2A5 /* Main.storyboard in Resources */ = {isa = PBXBuildFile; fileRef = F4477C971B54ECE50062C2A5 /* Main.storyboard */; };
		F4477C9B1B54ECE50062C2A5 /* Assets.xcassets in Resources */ = {isa = PBXBuildFile; fileRef = F4477C9A1B54ECE50062C2A5 /* Assets.xcassets */; };
		F4477C9E1B54ECE50062C2A5 /* LaunchScreen.storyboard in Resources */ = {isa = PBXBuildFile; fileRef = F4477C9C1B54ECE50062C2A5 /* LaunchScreen.storyboard */; };
		F4477CA91B54ECE50062C2A5 /* FirstTests.m in Sources */ = {isa = PBXBuildFile; fileRef = F4477CA81B54ECE50062C2A5 /* FirstTests.m */; };
		F4477CB41B54ECE50062C2A5 /* FirstUITests.m in Sources */ = {isa = PBXBuildFile; fileRef = F4477CB31B54ECE50062C2A5 /* FirstUITests.m */; };
		F4477CEC1B5527CA0062C2A5 /* SimpleTableCell.m in Sources */ = {isa = PBXBuildFile; fileRef = F4477CEB1B5527CA0062C2A5 /* SimpleTableCell.m */; };
		F44E316E1B57B72A008BDE65 /* MapScreenControllerViewController.m in Sources */ = {isa = PBXBuildFile; fileRef = F44E316D1B57B72A008BDE65 /* MapScreenControllerViewController.m */; };
		F45B50401B5FBBA70025DA04 /* WatchKit.framework in Frameworks */ = {isa = PBXBuildFile; fileRef = F45B503F1B5FBBA70025DA04 /* WatchKit.framework */; };
		F463C4191B5A71A6009944BD /* First.xcdatamodeld in Sources */ = {isa = PBXBuildFile; fileRef = F463C4171B5A71A6009944BD /* First.xcdatamodeld */; };
		F46D95E31B6B535000EF5D3C /* Events.m in Sources */ = {isa = PBXBuildFile; fileRef = F46D95E21B6B535000EF5D3C /* Events.m */; };
		F46D95E61B6B649100EF5D3C /* First.xcdatamodeld in Resources */ = {isa = PBXBuildFile; fileRef = F46D95E41B6B649100EF5D3C /* First.xcdatamodeld */; };
		F46D95E81B6B72A500EF5D3C /* images in Resources */ = {isa = PBXBuildFile; fileRef = F46D95E71B6B72A500EF5D3C /* images */; };
		F4827FC71B60C88F00C3CA49 /* InterfaceController.m in Sources */ = {isa = PBXBuildFile; fileRef = F4827FC61B60C88F00C3CA49 /* InterfaceController.m */; };
		F4827FCA1B60C88F00C3CA49 /* NotificationController.m in Sources */ = {isa = PBXBuildFile; fileRef = F4827FC91B60C88F00C3CA49 /* NotificationController.m */; };
		F4827FCC1B60C88F00C3CA49 /* Assets.xcassets in Resources */ = {isa = PBXBuildFile; fileRef = F4827FCB1B60C88F00C3CA49 /* Assets.xcassets */; };
		F4827FD11B60C88F00C3CA49 /* First WatchKit 1 App.app in Resources */ = {isa = PBXBuildFile; fileRef = F4827FD01B60C88F00C3CA49 /* First WatchKit 1 App.app */; };
		F4827FD71B60C88F00C3CA49 /* Interface.storyboard in Resources */ = {isa = PBXBuildFile; fileRef = F4827FD51B60C88F00C3CA49 /* Interface.storyboard */; };
		F4827FD91B60C88F00C3CA49 /* Assets.xcassets in Resources */ = {isa = PBXBuildFile; fileRef = F4827FD81B60C88F00C3CA49 /* Assets.xcassets */; };
		F4827FDD1B60C88F00C3CA49 /* First WatchKit 1 Extension.appex in Embed App Extensions */ = {isa = PBXBuildFile; fileRef = F4827FC11B60C88F00C3CA49 /* First WatchKit 1 Extension.appex */; settings = {ATTRIBUTES = (RemoveHeadersOnCopy, ); }; };
		F4827FE51B60D66300C3CA49 /* mynoti.apns in Resources */ = {isa = PBXBuildFile; fileRef = F4827FE41B60D66300C3CA49 /* mynoti.apns */; };
		F4AFC5E11B56816600A5F9C7 /* DetailsViewController.m in Sources */ = {isa = PBXBuildFile; fileRef = F4AFC5E01B56816600A5F9C7 /* DetailsViewController.m */; };
		F4C6D2C21B6B95E90070A59C /* MapKit.framework in Frameworks */ = {isa = PBXBuildFile; fileRef = F44646D11B577F52003A3296 /* MapKit.framework */; };
		F4D657DC1B563D57004D7D24 /* details.txt in Resources */ = {isa = PBXBuildFile; fileRef = F4D657DB1B562D8A004D7D24 /* details.txt */; };
		F4DE45351B61E9920098F175 /* ReminderController.m in Sources */ = {isa = PBXBuildFile; fileRef = F4DE45341B61E9920098F175 /* ReminderController.m */; };
		F4DF49861B6B257000B19BE8 /* SecondInterfaceController.m in Sources */ = {isa = PBXBuildFile; fileRef = F4DF49851B6B257000B19BE8 /* SecondInterfaceController.m */; };
/* End PBXBuildFile section */

/* Begin PBXContainerItemProxy section */
		F4477CA51B54ECE50062C2A5 /* PBXContainerItemProxy */ = {
			isa = PBXContainerItemProxy;
			containerPortal = F4477C831B54ECE50062C2A5 /* Project object */;
			proxyType = 1;
			remoteGlobalIDString = F4477C8A1B54ECE50062C2A5;
			remoteInfo = First;
		};
		F4477CB01B54ECE50062C2A5 /* PBXContainerItemProxy */ = {
			isa = PBXContainerItemProxy;
			containerPortal = F4477C831B54ECE50062C2A5 /* Project object */;
			proxyType = 1;
			remoteGlobalIDString = F4477C8A1B54ECE50062C2A5;
			remoteInfo = First;
		};
		F4827FD21B60C88F00C3CA49 /* PBXContainerItemProxy */ = {
			isa = PBXContainerItemProxy;
			containerPortal = F4477C831B54ECE50062C2A5 /* Project object */;
			proxyType = 1;
			remoteGlobalIDString = F4827FCF1B60C88F00C3CA49;
			remoteInfo = "First WatchKit 1 App";
		};
		F4827FDB1B60C88F00C3CA49 /* PBXContainerItemProxy */ = {
			isa = PBXContainerItemProxy;
			containerPortal = F4477C831B54ECE50062C2A5 /* Project object */;
			proxyType = 1;
			remoteGlobalIDString = F4827FC01B60C88F00C3CA49;
			remoteInfo = "First WatchKit 1 Extension";
		};
/* End PBXContainerItemProxy section */

/* Begin PBXCopyFilesBuildPhase section */
		F42DE1731B5FC10A00C05CE4 /* Embed App Extensions */ = {
			isa = PBXCopyFilesBuildPhase;
			buildActionMask = 2147483647;
			dstPath = "";
			dstSubfolderSpec = 13;
			files = (
				F4827FDD1B60C88F00C3CA49 /* First WatchKit 1 Extension.appex in Embed App Extensions */,
			);
			name = "Embed App Extensions";
			runOnlyForDeploymentPostprocessing = 0;
		};
/* End PBXCopyFilesBuildPhase section */

/* Begin PBXFileReference section */
		F40E1CE81B6B434300AA5198 /* First.entitlements */ = {isa = PBXFileReference; lastKnownFileType = text.xml; name = First.entitlements; path = First/First.entitlements; sourceTree = "<group>"; };
		F423DF101B6A17E40036590C /* Events.h */ = {isa = PBXFileReference; fileEncoding = 4; lastKnownFileType = sourcecode.c.h; name = Events.h; path = ../Events.h; sourceTree = "<group>"; };
		F423DF111B6A17E40036590C /* Events.m */ = {isa = PBXFileReference; fileEncoding = 4; lastKnownFileType = sourcecode.c.objc; name = Events.m; path = ../Events.m; sourceTree = "<group>"; };
		F423DF131B6A23F50036590C /* PlaceAnnotation.h */ = {isa = PBXFileReference; fileEncoding = 4; lastKnownFileType = sourcecode.c.h; path = PlaceAnnotation.h; sourceTree = "<group>"; };
		F423DF141B6A23F50036590C /* PlaceAnnotation.m */ = {isa = PBXFileReference; fileEncoding = 4; lastKnownFileType = sourcecode.c.objc; path = PlaceAnnotation.m; sourceTree = "<group>"; };
		F423DF161B6A2A670036590C /* Event.h */ = {isa = PBXFileReference; fileEncoding = 4; lastKnownFileType = sourcecode.c.h; path = Event.h; sourceTree = "<group>"; };
		F423DF171B6A2A670036590C /* Event.m */ = {isa = PBXFileReference; fileEncoding = 4; lastKnownFileType = sourcecode.c.objc; path = Event.m; sourceTree = "<group>"; };
		F423DF191B6A2B810036590C /* details.txt */ = {isa = PBXFileReference; lastKnownFileType = text; path = details.txt; sourceTree = "<group>"; };
		F423DF1B1B6A33A90036590C /* Cell.h */ = {isa = PBXFileReference; fileEncoding = 4; lastKnownFileType = sourcecode.c.h; path = Cell.h; sourceTree = "<group>"; };
		F423DF1C1B6A33A90036590C /* Cell.m */ = {isa = PBXFileReference; fileEncoding = 4; lastKnownFileType = sourcecode.c.objc; path = Cell.m; sourceTree = "<group>"; };
		F42C09691B5E032600CECFB8 /* Event.h */ = {isa = PBXFileReference; fileEncoding = 4; lastKnownFileType = sourcecode.c.h; path = Event.h; sourceTree = "<group>"; };
		F42C096A1B5E032600CECFB8 /* Event.m */ = {isa = PBXFileReference; fileEncoding = 4; lastKnownFileType = sourcecode.c.objc; path = Event.m; sourceTree = "<group>"; };
		F42C096C1B5E143500CECFB8 /* CalController.h */ = {isa = PBXFileReference; fileEncoding = 4; lastKnownFileType = sourcecode.c.h; path = CalController.h; sourceTree = "<group>"; };
		F42C096D1B5E143500CECFB8 /* CalController.m */ = {isa = PBXFileReference; fileEncoding = 4; lastKnownFileType = sourcecode.c.objc; path = CalController.m; sourceTree = "<group>"; };
		F42C096F1B5E276E00CECFB8 /* images */ = {isa = PBXFileReference; lastKnownFileType = folder; name = images; path = First/images; sourceTree = "<group>"; };
		F44646CF1B577F34003A3296 /* CoreLocation.framework */ = {isa = PBXFileReference; lastKnownFileType = wrapper.framework; name = CoreLocation.framework; path = System/Library/Frameworks/CoreLocation.framework; sourceTree = SDKROOT; };
		F44646D11B577F52003A3296 /* MapKit.framework */ = {isa = PBXFileReference; lastKnownFileType = wrapper.framework; name = MapKit.framework; path = System/Library/Frameworks/MapKit.framework; sourceTree = SDKROOT; };
		F4477C8B1B54ECE50062C2A5 /* First.app */ = {isa = PBXFileReference; explicitFileType = wrapper.application; includeInIndex = 0; path = First.app; sourceTree = BUILT_PRODUCTS_DIR; };
		F4477C8F1B54ECE50062C2A5 /* main.m */ = {isa = PBXFileReference; lastKnownFileType = sourcecode.c.objc; path = main.m; sourceTree = "<group>"; };
		F4477C911B54ECE50062C2A5 /* AppDelegate.h */ = {isa = PBXFileReference; lastKnownFileType = sourcecode.c.h; path = AppDelegate.h; sourceTree = "<group>"; };
		F4477C921B54ECE50062C2A5 /* AppDelegate.m */ = {isa = PBXFileReference; lastKnownFileType = sourcecode.c.objc; path = AppDelegate.m; sourceTree = "<group>"; };
		F4477C941B54ECE50062C2A5 /* ViewController.h */ = {isa = PBXFileReference; lastKnownFileType = sourcecode.c.h; path = ViewController.h; sourceTree = "<group>"; };
		F4477C951B54ECE50062C2A5 /* ViewController.m */ = {isa = PBXFileReference; lastKnownFileType = sourcecode.c.objc; path = ViewController.m; sourceTree = "<group>"; };
		F4477C981B54ECE50062C2A5 /* Base */ = {isa = PBXFileReference; lastKnownFileType = file.storyboard; name = Base; path = Base.lproj/Main.storyboard; sourceTree = "<group>"; };
		F4477C9A1B54ECE50062C2A5 /* Assets.xcassets */ = {isa = PBXFileReference; lastKnownFileType = folder.assetcatalog; path = Assets.xcassets; sourceTree = "<group>"; };
		F4477C9D1B54ECE50062C2A5 /* Base */ = {isa = PBXFileReference; lastKnownFileType = file.storyboard; name = Base; path = Base.lproj/LaunchScreen.storyboard; sourceTree = "<group>"; };
		F4477C9F1B54ECE50062C2A5 /* Info.plist */ = {isa = PBXFileReference; lastKnownFileType = text.plist.xml; path = Info.plist; sourceTree = "<group>"; };
		F4477CA41B54ECE50062C2A5 /* FirstTests.xctest */ = {isa = PBXFileReference; explicitFileType = wrapper.cfbundle; includeInIndex = 0; path = FirstTests.xctest; sourceTree = BUILT_PRODUCTS_DIR; };
		F4477CA81B54ECE50062C2A5 /* FirstTests.m */ = {isa = PBXFileReference; lastKnownFileType = sourcecode.c.objc; path = FirstTests.m; sourceTree = "<group>"; };
		F4477CAA1B54ECE50062C2A5 /* Info.plist */ = {isa = PBXFileReference; lastKnownFileType = text.plist.xml; path = Info.plist; sourceTree = "<group>"; };
		F4477CAF1B54ECE50062C2A5 /* FirstUITests.xctest */ = {isa = PBXFileReference; explicitFileType = wrapper.cfbundle; includeInIndex = 0; path = FirstUITests.xctest; sourceTree = BUILT_PRODUCTS_DIR; };
		F4477CB31B54ECE50062C2A5 /* FirstUITests.m */ = {isa = PBXFileReference; lastKnownFileType = sourcecode.c.objc; path = FirstUITests.m; sourceTree = "<group>"; };
		F4477CB51B54ECE50062C2A5 /* Info.plist */ = {isa = PBXFileReference; lastKnownFileType = text.plist.xml; path = Info.plist; sourceTree = "<group>"; };
		F4477CEA1B5527CA0062C2A5 /* SimpleTableCell.h */ = {isa = PBXFileReference; fileEncoding = 4; lastKnownFileType = sourcecode.c.h; path = SimpleTableCell.h; sourceTree = "<group>"; };
		F4477CEB1B5527CA0062C2A5 /* SimpleTableCell.m */ = {isa = PBXFileReference; fileEncoding = 4; lastKnownFileType = sourcecode.c.objc; path = SimpleTableCell.m; sourceTree = "<group>"; };
		F44E316C1B57B72A008BDE65 /* MapScreenControllerViewController.h */ = {isa = PBXFileReference; fileEncoding = 4; lastKnownFileType = sourcecode.c.h; path = MapScreenControllerViewController.h; sourceTree = "<group>"; };
		F44E316D1B57B72A008BDE65 /* MapScreenControllerViewController.m */ = {isa = PBXFileReference; fileEncoding = 4; lastKnownFileType = sourcecode.c.objc; path = MapScreenControllerViewController.m; sourceTree = "<group>"; };
		F45B503F1B5FBBA70025DA04 /* WatchKit.framework */ = {isa = PBXFileReference; lastKnownFileType = wrapper.framework; name = WatchKit.framework; path = System/Library/Frameworks/WatchKit.framework; sourceTree = SDKROOT; };
		F463C4181B5A71A6009944BD /* First.xcdatamodel */ = {isa = PBXFileReference; explicitFileType = wrapper.xcdatamodel; path = First.xcdatamodel; sourceTree = "<group>"; };
		F46D95DE1B6B45DD00EF5D3C /* First WatchKit 1 Extension.entitlements */ = {isa = PBXFileReference; lastKnownFileType = text.xml; path = "First WatchKit 1 Extension.entitlements"; sourceTree = "<group>"; };
		F46D95DF1B6B461600EF5D3C /* First WatchKit 1 App.entitlements */ = {isa = PBXFileReference; lastKnownFileType = text.xml; path = "First WatchKit 1 App.entitlements"; sourceTree = "<group>"; };
		F46D95E11B6B535000EF5D3C /* Events.h */ = {isa = PBXFileReference; fileEncoding = 4; lastKnownFileType = sourcecode.c.h; path = Events.h; sourceTree = "<group>"; };
		F46D95E21B6B535000EF5D3C /* Events.m */ = {isa = PBXFileReference; fileEncoding = 4; lastKnownFileType = sourcecode.c.objc; path = Events.m; sourceTree = "<group>"; };
		F46D95E51B6B649100EF5D3C /* First.xcdatamodel */ = {isa = PBXFileReference; lastKnownFileType = wrapper.xcdatamodel; path = First.xcdatamodel; sourceTree = "<group>"; };
		F46D95E71B6B72A500EF5D3C /* images */ = {isa = PBXFileReference; lastKnownFileType = folder; name = images; path = "../First WatchKit 1 App/images"; sourceTree = "<group>"; };
		F4827FC11B60C88F00C3CA49 /* First WatchKit 1 Extension.appex */ = {isa = PBXFileReference; explicitFileType = "wrapper.app-extension"; includeInIndex = 0; path = "First WatchKit 1 Extension.appex"; sourceTree = BUILT_PRODUCTS_DIR; };
		F4827FC41B60C88F00C3CA49 /* PushNotificationPayload.apns */ = {isa = PBXFileReference; lastKnownFileType = text; path = PushNotificationPayload.apns; sourceTree = "<group>"; };
		F4827FC51B60C88F00C3CA49 /* InterfaceController.h */ = {isa = PBXFileReference; lastKnownFileType = sourcecode.c.h; path = InterfaceController.h; sourceTree = "<group>"; };
		F4827FC61B60C88F00C3CA49 /* InterfaceController.m */ = {isa = PBXFileReference; lastKnownFileType = sourcecode.c.objc; path = InterfaceController.m; sourceTree = "<group>"; };
		F4827FC81B60C88F00C3CA49 /* NotificationController.h */ = {isa = PBXFileReference; lastKnownFileType = sourcecode.c.h; path = NotificationController.h; sourceTree = "<group>"; };
		F4827FC91B60C88F00C3CA49 /* NotificationController.m */ = {isa = PBXFileReference; lastKnownFileType = sourcecode.c.objc; path = NotificationController.m; sourceTree = "<group>"; };
		F4827FCB1B60C88F00C3CA49 /* Assets.xcassets */ = {isa = PBXFileReference; lastKnownFileType = folder.assetcatalog; path = Assets.xcassets; sourceTree = "<group>"; };
		F4827FCD1B60C88F00C3CA49 /* Info.plist */ = {isa = PBXFileReference; lastKnownFileType = text.plist.xml; path = Info.plist; sourceTree = "<group>"; };
		F4827FD01B60C88F00C3CA49 /* First WatchKit 1 App.app */ = {isa = PBXFileReference; explicitFileType = wrapper.application; includeInIndex = 0; path = "First WatchKit 1 App.app"; sourceTree = BUILT_PRODUCTS_DIR; };
		F4827FD61B60C88F00C3CA49 /* Base */ = {isa = PBXFileReference; lastKnownFileType = file.storyboard; name = Base; path = Base.lproj/Interface.storyboard; sourceTree = "<group>"; };
		F4827FD81B60C88F00C3CA49 /* Assets.xcassets */ = {isa = PBXFileReference; lastKnownFileType = folder.assetcatalog; path = Assets.xcassets; sourceTree = "<group>"; };
		F4827FDA1B60C88F00C3CA49 /* Info.plist */ = {isa = PBXFileReference; lastKnownFileType = text.plist.xml; path = Info.plist; sourceTree = "<group>"; };
		F4827FE41B60D66300C3CA49 /* mynoti.apns */ = {isa = PBXFileReference; fileEncoding = 4; lastKnownFileType = text; path = mynoti.apns; sourceTree = "<group>"; };
		F4AFC5DF1B56816600A5F9C7 /* DetailsViewController.h */ = {isa = PBXFileReference; fileEncoding = 4; lastKnownFileType = sourcecode.c.h; path = DetailsViewController.h; sourceTree = "<group>"; };
		F4AFC5E01B56816600A5F9C7 /* DetailsViewController.m */ = {isa = PBXFileReference; fileEncoding = 4; lastKnownFileType = sourcecode.c.objc; path = DetailsViewController.m; sourceTree = "<group>"; };
		F4D657DB1B562D8A004D7D24 /* details.txt */ = {isa = PBXFileReference; lastKnownFileType = text; path = details.txt; sourceTree = "<group>"; };
		F4DE45331B61E9920098F175 /* ReminderController.h */ = {isa = PBXFileReference; fileEncoding = 4; lastKnownFileType = sourcecode.c.h; path = ReminderController.h; sourceTree = "<group>"; };
		F4DE45341B61E9920098F175 /* ReminderController.m */ = {isa = PBXFileReference; fileEncoding = 4; lastKnownFileType = sourcecode.c.objc; path = ReminderController.m; sourceTree = "<group>"; };
		F4DF49841B6B257000B19BE8 /* SecondInterfaceController.h */ = {isa = PBXFileReference; fileEncoding = 4; lastKnownFileType = sourcecode.c.h; path = SecondInterfaceController.h; sourceTree = "<group>"; };
		F4DF49851B6B257000B19BE8 /* SecondInterfaceController.m */ = {isa = PBXFileReference; fileEncoding = 4; lastKnownFileType = sourcecode.c.objc; path = SecondInterfaceController.m; sourceTree = "<group>"; };
/* End PBXFileReference section */

/* Begin PBXFrameworksBuildPhase section */
		F4477C881B54ECE50062C2A5 /* Frameworks */ = {
			isa = PBXFrameworksBuildPhase;
			buildActionMask = 2147483647;
			files = (
				F4C6D2C21B6B95E90070A59C /* MapKit.framework in Frameworks */,
				F45B50401B5FBBA70025DA04 /* WatchKit.framework in Frameworks */,
				F44646D01B577F34003A3296 /* CoreLocation.framework in Frameworks */,
			);
			runOnlyForDeploymentPostprocessing = 0;
		};
		F4477CA11B54ECE50062C2A5 /* Frameworks */ = {
			isa = PBXFrameworksBuildPhase;
			buildActionMask = 2147483647;
			files = (
			);
			runOnlyForDeploymentPostprocessing = 0;
		};
		F4477CAC1B54ECE50062C2A5 /* Frameworks */ = {
			isa = PBXFrameworksBuildPhase;
			buildActionMask = 2147483647;
			files = (
			);
			runOnlyForDeploymentPostprocessing = 0;
		};
		F4827FBE1B60C88F00C3CA49 /* Frameworks */ = {
			isa = PBXFrameworksBuildPhase;
			buildActionMask = 2147483647;
			files = (
			);
			runOnlyForDeploymentPostprocessing = 0;
		};
/* End PBXFrameworksBuildPhase section */

/* Begin PBXGroup section */
		F4034F461B6BB2F80034AA03 /* Interface Controllers */ = {
			isa = PBXGroup;
			children = (
				F4827FC51B60C88F00C3CA49 /* InterfaceController.h */,
				F4827FC61B60C88F00C3CA49 /* InterfaceController.m */,
				F4DF49841B6B257000B19BE8 /* SecondInterfaceController.h */,
				F4DF49851B6B257000B19BE8 /* SecondInterfaceController.m */,
			);
			name = "Interface Controllers";
			sourceTree = "<group>";
		};
		F4034F471B6BB31C0034AA03 /* Notification */ = {
			isa = PBXGroup;
			children = (
				F4827FC81B60C88F00C3CA49 /* NotificationController.h */,
				F4827FC91B60C88F00C3CA49 /* NotificationController.m */,
			);
			name = Notification;
			sourceTree = "<group>";
		};
		F4034F481B6BB3350034AA03 /* Utilities */ = {
			isa = PBXGroup;
			children = (
				F423DF161B6A2A670036590C /* Event.h */,
				F423DF171B6A2A670036590C /* Event.m */,
				F423DF1B1B6A33A90036590C /* Cell.h */,
				F423DF1C1B6A33A90036590C /* Cell.m */,
				F46D95E11B6B535000EF5D3C /* Events.h */,
				F46D95E21B6B535000EF5D3C /* Events.m */,
			);
			name = Utilities;
			sourceTree = "<group>";
		};
		F4477C821B54ECE50062C2A5 = {
			isa = PBXGroup;
			children = (
				F45B503F1B5FBBA70025DA04 /* WatchKit.framework */,
				F44646D11B577F52003A3296 /* MapKit.framework */,
				F44646CF1B577F34003A3296 /* CoreLocation.framework */,
				F4DE45361B6262D00098F175 /* First */,
				F4477CA71B54ECE50062C2A5 /* FirstTests */,
				F4477CB21B54ECE50062C2A5 /* FirstUITests */,
				F4827FC21B60C88F00C3CA49 /* First WatchKit 1 Extension */,
				F4827FD41B60C88F00C3CA49 /* First WatchKit 1 App */,
				F4477C8C1B54ECE50062C2A5 /* Products */,
			);
			sourceTree = "<group>";
		};
		F4477C8C1B54ECE50062C2A5 /* Products */ = {
			isa = PBXGroup;
			children = (
				F4477C8B1B54ECE50062C2A5 /* First.app */,
				F4477CA41B54ECE50062C2A5 /* FirstTests.xctest */,
				F4477CAF1B54ECE50062C2A5 /* FirstUITests.xctest */,
				F4827FC11B60C88F00C3CA49 /* First WatchKit 1 Extension.appex */,
				F4827FD01B60C88F00C3CA49 /* First WatchKit 1 App.app */,
			);
			name = Products;
			sourceTree = "<group>";
		};
		F4477C8D1B54ECE50062C2A5 /* First */ = {
			isa = PBXGroup;
			children = (
				F4DE45381B6263DB0098F175 /* Utilities */,
				F4DE45371B6263210098F175 /* ViewControllers */,
				F4477C911B54ECE50062C2A5 /* AppDelegate.h */,
				F4477C921B54ECE50062C2A5 /* AppDelegate.m */,
				F4477C9C1B54ECE50062C2A5 /* LaunchScreen.storyboard */,
				F4477C971B54ECE50062C2A5 /* Main.storyboard */,
				F4477C9A1B54ECE50062C2A5 /* Assets.xcassets */,
				F4477C8E1B54ECE50062C2A5 /* Supporting Files */,
				F463C4171B5A71A6009944BD /* First.xcdatamodeld */,
				F4477C9F1B54ECE50062C2A5 /* Info.plist */,
			);
			path = First;
			sourceTree = "<group>";
		};
		F4477C8E1B54ECE50062C2A5 /* Supporting Files */ = {
			isa = PBXGroup;
			children = (
				F4D657DB1B562D8A004D7D24 /* details.txt */,
				F4477C8F1B54ECE50062C2A5 /* main.m */,
			);
			name = "Supporting Files";
			sourceTree = "<group>";
		};
		F4477CA71B54ECE50062C2A5 /* FirstTests */ = {
			isa = PBXGroup;
			children = (
				F4477CA81B54ECE50062C2A5 /* FirstTests.m */,
				F4477CAA1B54ECE50062C2A5 /* Info.plist */,
			);
			path = FirstTests;
			sourceTree = "<group>";
		};
		F4477CB21B54ECE50062C2A5 /* FirstUITests */ = {
			isa = PBXGroup;
			children = (
				F4477CB31B54ECE50062C2A5 /* FirstUITests.m */,
				F4477CB51B54ECE50062C2A5 /* Info.plist */,
			);
			path = FirstUITests;
			sourceTree = "<group>";
		};
		F4827FC21B60C88F00C3CA49 /* First WatchKit 1 Extension */ = {
			isa = PBXGroup;
			children = (
				F4034F481B6BB3350034AA03 /* Utilities */,
				F4034F471B6BB31C0034AA03 /* Notification */,
				F4034F461B6BB2F80034AA03 /* Interface Controllers */,
				F46D95E71B6B72A500EF5D3C /* images */,
				F46D95DE1B6B45DD00EF5D3C /* First WatchKit 1 Extension.entitlements */,
				F4827FCB1B60C88F00C3CA49 /* Assets.xcassets */,
				F4827FCD1B60C88F00C3CA49 /* Info.plist */,
				F46D95E41B6B649100EF5D3C /* First.xcdatamodeld */,
				F4827FC31B60C88F00C3CA49 /* Supporting Files */,
			);
			path = "First WatchKit 1 Extension";
			sourceTree = "<group>";
		};
		F4827FC31B60C88F00C3CA49 /* Supporting Files */ = {
			isa = PBXGroup;
			children = (
				F4827FC41B60C88F00C3CA49 /* PushNotificationPayload.apns */,
				F4827FE41B60D66300C3CA49 /* mynoti.apns */,
				F423DF191B6A2B810036590C /* details.txt */,
			);
			name = "Supporting Files";
			sourceTree = "<group>";
		};
		F4827FD41B60C88F00C3CA49 /* First WatchKit 1 App */ = {
			isa = PBXGroup;
			children = (
				F46D95DF1B6B461600EF5D3C /* First WatchKit 1 App.entitlements */,
				F4827FD51B60C88F00C3CA49 /* Interface.storyboard */,
				F4827FD81B60C88F00C3CA49 /* Assets.xcassets */,
				F4827FDA1B60C88F00C3CA49 /* Info.plist */,
			);
			path = "First WatchKit 1 App";
			sourceTree = "<group>";
		};
		F4DE45361B6262D00098F175 /* First */ = {
			isa = PBXGroup;
			children = (
				F40E1CE81B6B434300AA5198 /* First.entitlements */,
				F42C096F1B5E276E00CECFB8 /* images */,
				F4477C8D1B54ECE50062C2A5 /* First */,
			);
			name = First;
			sourceTree = "<group>";
		};
		F4DE45371B6263210098F175 /* ViewControllers */ = {
			isa = PBXGroup;
			children = (
				F4477C941B54ECE50062C2A5 /* ViewController.h */,
				F4477C951B54ECE50062C2A5 /* ViewController.m */,
				F4AFC5DF1B56816600A5F9C7 /* DetailsViewController.h */,
				F4AFC5E01B56816600A5F9C7 /* DetailsViewController.m */,
				F44E316C1B57B72A008BDE65 /* MapScreenControllerViewController.h */,
				F44E316D1B57B72A008BDE65 /* MapScreenControllerViewController.m */,
				F42C096C1B5E143500CECFB8 /* CalController.h */,
				F42C096D1B5E143500CECFB8 /* CalController.m */,
				F4DE45331B61E9920098F175 /* ReminderController.h */,
				F4DE45341B61E9920098F175 /* ReminderController.m */,
			);
			name = ViewControllers;
			sourceTree = "<group>";
		};
		F4DE45381B6263DB0098F175 /* Utilities */ = {
			isa = PBXGroup;
			children = (
				F423DF131B6A23F50036590C /* PlaceAnnotation.h */,
				F423DF141B6A23F50036590C /* PlaceAnnotation.m */,
				F4477CEA1B5527CA0062C2A5 /* SimpleTableCell.h */,
				F4477CEB1B5527CA0062C2A5 /* SimpleTableCell.m */,
				F42C09691B5E032600CECFB8 /* Event.h */,
				F42C096A1B5E032600CECFB8 /* Event.m */,
				F423DF101B6A17E40036590C /* Events.h */,
				F423DF111B6A17E40036590C /* Events.m */,
			);
			name = Utilities;
			sourceTree = "<group>";
		};
/* End PBXGroup section */

/* Begin PBXNativeTarget section */
		F4477C8A1B54ECE50062C2A5 /* First */ = {
			isa = PBXNativeTarget;
			buildConfigurationList = F4477CB81B54ECE50062C2A5 /* Build configuration list for PBXNativeTarget "First" */;
			buildPhases = (
				F4477C871B54ECE50062C2A5 /* Sources */,
				F4477C881B54ECE50062C2A5 /* Frameworks */,
				F4477C891B54ECE50062C2A5 /* Resources */,
				F42DE1731B5FC10A00C05CE4 /* Embed App Extensions */,
			);
			buildRules = (
			);
			dependencies = (
				F4827FDC1B60C88F00C3CA49 /* PBXTargetDependency */,
			);
			name = First;
			productName = First;
			productReference = F4477C8B1B54ECE50062C2A5 /* First.app */;
			productType = "com.apple.product-type.application";
		};
		F4477CA31B54ECE50062C2A5 /* FirstTests */ = {
			isa = PBXNativeTarget;
			buildConfigurationList = F4477CBB1B54ECE50062C2A5 /* Build configuration list for PBXNativeTarget "FirstTests" */;
			buildPhases = (
				F4477CA01B54ECE50062C2A5 /* Sources */,
				F4477CA11B54ECE50062C2A5 /* Frameworks */,
				F4477CA21B54ECE50062C2A5 /* Resources */,
			);
			buildRules = (
			);
			dependencies = (
				F4477CA61B54ECE50062C2A5 /* PBXTargetDependency */,
			);
			name = FirstTests;
			productName = FirstTests;
			productReference = F4477CA41B54ECE50062C2A5 /* FirstTests.xctest */;
			productType = "com.apple.product-type.bundle.unit-test";
		};
		F4477CAE1B54ECE50062C2A5 /* FirstUITests */ = {
			isa = PBXNativeTarget;
			buildConfigurationList = F4477CBE1B54ECE50062C2A5 /* Build configuration list for PBXNativeTarget "FirstUITests" */;
			buildPhases = (
				F4477CAB1B54ECE50062C2A5 /* Sources */,
				F4477CAC1B54ECE50062C2A5 /* Frameworks */,
				F4477CAD1B54ECE50062C2A5 /* Resources */,
			);
			buildRules = (
			);
			dependencies = (
				F4477CB11B54ECE50062C2A5 /* PBXTargetDependency */,
			);
			name = FirstUITests;
			productName = FirstUITests;
			productReference = F4477CAF1B54ECE50062C2A5 /* FirstUITests.xctest */;
			productType = "com.apple.product-type.bundle.ui-testing";
		};
		F4827FC01B60C88F00C3CA49 /* First WatchKit 1 Extension */ = {
			isa = PBXNativeTarget;
			buildConfigurationList = F4827FE11B60C88F00C3CA49 /* Build configuration list for PBXNativeTarget "First WatchKit 1 Extension" */;
			buildPhases = (
				F4827FBD1B60C88F00C3CA49 /* Sources */,
				F4827FBE1B60C88F00C3CA49 /* Frameworks */,
				F4827FBF1B60C88F00C3CA49 /* Resources */,
			);
			buildRules = (
			);
			dependencies = (
				F4827FD31B60C88F00C3CA49 /* PBXTargetDependency */,
			);
			name = "First WatchKit 1 Extension";
			productName = "First WatchKit 1 Extension";
			productReference = F4827FC11B60C88F00C3CA49 /* First WatchKit 1 Extension.appex */;
			productType = "com.apple.product-type.watchkit-extension";
		};
		F4827FCF1B60C88F00C3CA49 /* First WatchKit 1 App */ = {
			isa = PBXNativeTarget;
			buildConfigurationList = F4827FDE1B60C88F00C3CA49 /* Build configuration list for PBXNativeTarget "First WatchKit 1 App" */;
			buildPhases = (
				F4827FCE1B60C88F00C3CA49 /* Resources */,
			);
			buildRules = (
			);
			dependencies = (
			);
			name = "First WatchKit 1 App";
			productName = "First WatchKit 1 App";
			productReference = F4827FD01B60C88F00C3CA49 /* First WatchKit 1 App.app */;
			productType = "com.apple.product-type.application.watchapp";
		};
/* End PBXNativeTarget section */

/* Begin PBXProject section */
		F4477C831B54ECE50062C2A5 /* Project object */ = {
			isa = PBXProject;
			attributes = {
				LastUpgradeCheck = 0700;
				ORGANIZATIONNAME = "Arun Kumar";
				TargetAttributes = {
					F4477C8A1B54ECE50062C2A5 = {
						CreatedOnToolsVersion = 7.0;
						DevelopmentTeam = Z3GEUSFAX6;
						SystemCapabilities = {
							com.apple.ApplicationGroups.iOS = {
								enabled = 1;
							};
						};
					};
					F4477CA31B54ECE50062C2A5 = {
						CreatedOnToolsVersion = 7.0;
						TestTargetID = F4477C8A1B54ECE50062C2A5;
					};
					F4477CAE1B54ECE50062C2A5 = {
						CreatedOnToolsVersion = 7.0;
						TestTargetID = F4477C8A1B54ECE50062C2A5;
					};
					F4827FC01B60C88F00C3CA49 = {
						CreatedOnToolsVersion = 7.0;
						DevelopmentTeam = Z3GEUSFAX6;
						SystemCapabilities = {
							com.apple.ApplicationGroups.iOS = {
								enabled = 1;
							};
						};
					};
					F4827FCF1B60C88F00C3CA49 = {
						CreatedOnToolsVersion = 7.0;
						DevelopmentTeam = Z3GEUSFAX6;
						SystemCapabilities = {
							com.apple.ApplicationGroups.iOS = {
								enabled = 1;
							};
						};
					};
				};
			};
			buildConfigurationList = F4477C861B54ECE50062C2A5 /* Build configuration list for PBXProject "First" */;
			compatibilityVersion = "Xcode 3.2";
			developmentRegion = English;
			hasScannedForEncodings = 0;
			knownRegions = (
				en,
				Base,
			);
			mainGroup = F4477C821B54ECE50062C2A5;
			productRefGroup = F4477C8C1B54ECE50062C2A5 /* Products */;
			projectDirPath = "";
			projectRoot = "";
			targets = (
				F4477C8A1B54ECE50062C2A5 /* First */,
				F4477CA31B54ECE50062C2A5 /* FirstTests */,
				F4477CAE1B54ECE50062C2A5 /* FirstUITests */,
				F4827FC01B60C88F00C3CA49 /* First WatchKit 1 Extension */,
				F4827FCF1B60C88F00C3CA49 /* First WatchKit 1 App */,
			);
		};
/* End PBXProject section */

/* Begin PBXResourcesBuildPhase section */
		F4477C891B54ECE50062C2A5 /* Resources */ = {
			isa = PBXResourcesBuildPhase;
			buildActionMask = 2147483647;
			files = (
				F42C09A21B5E55E200CECFB8 /* main.m in Resources */,
				F42C09A11B5E55CE00CECFB8 /* images in Resources */,
				F4D657DC1B563D57004D7D24 /* details.txt in Resources */,
				F4477C9E1B54ECE50062C2A5 /* LaunchScreen.storyboard in Resources */,
				F4477C9B1B54ECE50062C2A5 /* Assets.xcassets in Resources */,
				F4477C991B54ECE50062C2A5 /* Main.storyboard in Resources */,
			);
			runOnlyForDeploymentPostprocessing = 0;
		};
		F4477CA21B54ECE50062C2A5 /* Resources */ = {
			isa = PBXResourcesBuildPhase;
			buildActionMask = 2147483647;
			files = (
			);
			runOnlyForDeploymentPostprocessing = 0;
		};
		F4477CAD1B54ECE50062C2A5 /* Resources */ = {
			isa = PBXResourcesBuildPhase;
			buildActionMask = 2147483647;
			files = (
			);
			runOnlyForDeploymentPostprocessing = 0;
		};
		F4827FBF1B60C88F00C3CA49 /* Resources */ = {
			isa = PBXResourcesBuildPhase;
			buildActionMask = 2147483647;
			files = (
				F46D95E81B6B72A500EF5D3C /* images in Resources */,
				F46D95E61B6B649100EF5D3C /* First.xcdatamodeld in Resources */,
				F423DF1A1B6A2C1E0036590C /* details.txt in Resources */,
				F4827FD11B60C88F00C3CA49 /* First WatchKit 1 App.app in Resources */,
				F4827FE51B60D66300C3CA49 /* mynoti.apns in Resources */,
				F4827FCC1B60C88F00C3CA49 /* Assets.xcassets in Resources */,
			);
			runOnlyForDeploymentPostprocessing = 0;
		};
		F4827FCE1B60C88F00C3CA49 /* Resources */ = {
			isa = PBXResourcesBuildPhase;
			buildActionMask = 2147483647;
			files = (
				F4827FD91B60C88F00C3CA49 /* Assets.xcassets in Resources */,
				F4827FD71B60C88F00C3CA49 /* Interface.storyboard in Resources */,
			);
			runOnlyForDeploymentPostprocessing = 0;
		};
/* End PBXResourcesBuildPhase section */

/* Begin PBXSourcesBuildPhase section */
		F4477C871B54ECE50062C2A5 /* Sources */ = {
			isa = PBXSourcesBuildPhase;
			buildActionMask = 2147483647;
			files = (
				F423DF121B6A17E40036590C /* Events.m in Sources */,
				F463C4191B5A71A6009944BD /* First.xcdatamodeld in Sources */,
				F4DE45351B61E9920098F175 /* ReminderController.m in Sources */,
				F4477C961B54ECE50062C2A5 /* ViewController.m in Sources */,
				F42C096B1B5E032600CECFB8 /* Event.m in Sources */,
				F4AFC5E11B56816600A5F9C7 /* DetailsViewController.m in Sources */,
				F4477C931B54ECE50062C2A5 /* AppDelegate.m in Sources */,
				F4477CEC1B5527CA0062C2A5 /* SimpleTableCell.m in Sources */,
				F423DF151B6A23F50036590C /* PlaceAnnotation.m in Sources */,
				F4477C901B54ECE50062C2A5 /* main.m in Sources */,
				F42C096E1B5E143500CECFB8 /* CalController.m in Sources */,
				F44E316E1B57B72A008BDE65 /* MapScreenControllerViewController.m in Sources */,
			);
			runOnlyForDeploymentPostprocessing = 0;
		};
		F4477CA01B54ECE50062C2A5 /* Sources */ = {
			isa = PBXSourcesBuildPhase;
			buildActionMask = 2147483647;
			files = (
				F4477CA91B54ECE50062C2A5 /* FirstTests.m in Sources */,
			);
			runOnlyForDeploymentPostprocessing = 0;
		};
		F4477CAB1B54ECE50062C2A5 /* Sources */ = {
			isa = PBXSourcesBuildPhase;
			buildActionMask = 2147483647;
			files = (
				F4477CB41B54ECE50062C2A5 /* FirstUITests.m in Sources */,
			);
			runOnlyForDeploymentPostprocessing = 0;
		};
		F4827FBD1B60C88F00C3CA49 /* Sources */ = {
			isa = PBXSourcesBuildPhase;
			buildActionMask = 2147483647;
			files = (
				F46D95E31B6B535000EF5D3C /* Events.m in Sources */,
				F423DF181B6A2A670036590C /* Event.m in Sources */,
				F423DF1D1B6A33A90036590C /* Cell.m in Sources */,
				F4827FCA1B60C88F00C3CA49 /* NotificationController.m in Sources */,
				F4DF49861B6B257000B19BE8 /* SecondInterfaceController.m in Sources */,
				F4827FC71B60C88F00C3CA49 /* InterfaceController.m in Sources */,
			);
			runOnlyForDeploymentPostprocessing = 0;
		};
/* End PBXSourcesBuildPhase section */

/* Begin PBXTargetDependency section */
		F4477CA61B54ECE50062C2A5 /* PBXTargetDependency */ = {
			isa = PBXTargetDependency;
			target = F4477C8A1B54ECE50062C2A5 /* First */;
			targetProxy = F4477CA51B54ECE50062C2A5 /* PBXContainerItemProxy */;
		};
		F4477CB11B54ECE50062C2A5 /* PBXTargetDependency */ = {
			isa = PBXTargetDependency;
			target = F4477C8A1B54ECE50062C2A5 /* First */;
			targetProxy = F4477CB01B54ECE50062C2A5 /* PBXContainerItemProxy */;
		};
		F4827FD31B60C88F00C3CA49 /* PBXTargetDependency */ = {
			isa = PBXTargetDependency;
			target = F4827FCF1B60C88F00C3CA49 /* First WatchKit 1 App */;
			targetProxy = F4827FD21B60C88F00C3CA49 /* PBXContainerItemProxy */;
		};
		F4827FDC1B60C88F00C3CA49 /* PBXTargetDependency */ = {
			isa = PBXTargetDependency;
			target = F4827FC01B60C88F00C3CA49 /* First WatchKit 1 Extension */;
			targetProxy = F4827FDB1B60C88F00C3CA49 /* PBXContainerItemProxy */;
		};
/* End PBXTargetDependency section */

/* Begin PBXVariantGroup section */
		F4477C971B54ECE50062C2A5 /* Main.storyboard */ = {
			isa = PBXVariantGroup;
			children = (
				F4477C981B54ECE50062C2A5 /* Base */,
			);
			name = Main.storyboard;
			sourceTree = "<group>";
		};
		F4477C9C1B54ECE50062C2A5 /* LaunchScreen.storyboard */ = {
			isa = PBXVariantGroup;
			children = (
				F4477C9D1B54ECE50062C2A5 /* Base */,
			);
			name = LaunchScreen.storyboard;
			sourceTree = "<group>";
		};
		F4827FD51B60C88F00C3CA49 /* Interface.storyboard */ = {
			isa = PBXVariantGroup;
			children = (
				F4827FD61B60C88F00C3CA49 /* Base */,
			);
			name = Interface.storyboard;
			sourceTree = "<group>";
		};
/* End PBXVariantGroup section */

/* Begin XCBuildConfiguration section */
		F4477CB61B54ECE50062C2A5 /* Debug */ = {
			isa = XCBuildConfiguration;
			buildSettings = {
				ALWAYS_SEARCH_USER_PATHS = NO;
				CLANG_CXX_LANGUAGE_STANDARD = "gnu++0x";
				CLANG_CXX_LIBRARY = "libc++";
				CLANG_ENABLE_MODULES = YES;
				CLANG_ENABLE_OBJC_ARC = YES;
				CLANG_WARN_BOOL_CONVERSION = YES;
				CLANG_WARN_CONSTANT_CONVERSION = YES;
				CLANG_WARN_DIRECT_OBJC_ISA_USAGE = YES_ERROR;
				CLANG_WARN_EMPTY_BODY = YES;
				CLANG_WARN_ENUM_CONVERSION = YES;
				CLANG_WARN_INT_CONVERSION = YES;
				CLANG_WARN_OBJC_ROOT_CLASS = YES_ERROR;
				CLANG_WARN_UNREACHABLE_CODE = YES;
				CLANG_WARN__DUPLICATE_METHOD_MATCH = YES;
				CODE_SIGN_IDENTITY = "iPhone Developer: PRATHAPAN SETHUMAPHAVAN (YBMVHB2Q9N)";
				"CODE_SIGN_IDENTITY[sdk=iphoneos*]" = "iPhone Developer: PRATHAPAN SETHUMAPHAVAN (YBMVHB2Q9N)";
				COPY_PHASE_STRIP = NO;
				DEBUG_INFORMATION_FORMAT = dwarf;
				ENABLE_STRICT_OBJC_MSGSEND = YES;
				ENABLE_TESTABILITY = YES;
				GCC_C_LANGUAGE_STANDARD = gnu99;
				GCC_DYNAMIC_NO_PIC = NO;
				GCC_NO_COMMON_BLOCKS = YES;
				GCC_OPTIMIZATION_LEVEL = 0;
				GCC_PREPROCESSOR_DEFINITIONS = (
					"DEBUG=1",
					"$(inherited)",
				);
				GCC_WARN_64_TO_32_BIT_CONVERSION = YES;
				GCC_WARN_ABOUT_RETURN_TYPE = YES_ERROR;
				GCC_WARN_UNDECLARED_SELECTOR = YES;
				GCC_WARN_UNINITIALIZED_AUTOS = YES_AGGRESSIVE;
				GCC_WARN_UNUSED_FUNCTION = YES;
				GCC_WARN_UNUSED_VARIABLE = YES;
				IPHONEOS_DEPLOYMENT_TARGET = 8.2;
				MTL_ENABLE_DEBUG_INFO = YES;
				ONLY_ACTIVE_ARCH = YES;
				PROVISIONING_PROFILE = "c3f0de30-0eaa-450a-b372-1dd5be5b43e4";
				SDKROOT = iphoneos;
			};
			name = Debug;
		};
		F4477CB71B54ECE50062C2A5 /* Release */ = {
			isa = XCBuildConfiguration;
			buildSettings = {
				ALWAYS_SEARCH_USER_PATHS = NO;
				CLANG_CXX_LANGUAGE_STANDARD = "gnu++0x";
				CLANG_CXX_LIBRARY = "libc++";
				CLANG_ENABLE_MODULES = YES;
				CLANG_ENABLE_OBJC_ARC = YES;
				CLANG_WARN_BOOL_CONVERSION = YES;
				CLANG_WARN_CONSTANT_CONVERSION = YES;
				CLANG_WARN_DIRECT_OBJC_ISA_USAGE = YES_ERROR;
				CLANG_WARN_EMPTY_BODY = YES;
				CLANG_WARN_ENUM_CONVERSION = YES;
				CLANG_WARN_INT_CONVERSION = YES;
				CLANG_WARN_OBJC_ROOT_CLASS = YES_ERROR;
				CLANG_WARN_UNREACHABLE_CODE = YES;
				CLANG_WARN__DUPLICATE_METHOD_MATCH = YES;
				CODE_SIGN_IDENTITY = "iPhone Developer: PRATHAPAN SETHUMAPHAVAN (YBMVHB2Q9N)";
				"CODE_SIGN_IDENTITY[sdk=iphoneos*]" = "iPhone Developer: PRATHAPAN SETHUMAPHAVAN (YBMVHB2Q9N)";
				COPY_PHASE_STRIP = NO;
				DEBUG_INFORMATION_FORMAT = "dwarf-with-dsym";
				ENABLE_NS_ASSERTIONS = NO;
				ENABLE_STRICT_OBJC_MSGSEND = YES;
				GCC_C_LANGUAGE_STANDARD = gnu99;
				GCC_NO_COMMON_BLOCKS = YES;
				GCC_WARN_64_TO_32_BIT_CONVERSION = YES;
				GCC_WARN_ABOUT_RETURN_TYPE = YES_ERROR;
				GCC_WARN_UNDECLARED_SELECTOR = YES;
				GCC_WARN_UNINITIALIZED_AUTOS = YES_AGGRESSIVE;
				GCC_WARN_UNUSED_FUNCTION = YES;
				GCC_WARN_UNUSED_VARIABLE = YES;
				IPHONEOS_DEPLOYMENT_TARGET = 8.2;
				MTL_ENABLE_DEBUG_INFO = NO;
				PROVISIONING_PROFILE = "c3f0de30-0eaa-450a-b372-1dd5be5b43e4";
				SDKROOT = iphoneos;
				VALIDATE_PRODUCT = YES;
			};
			name = Release;
		};
		F4477CB91B54ECE50062C2A5 /* Debug */ = {
			isa = XCBuildConfiguration;
			buildSettings = {
				ASSETCATALOG_COMPILER_APPICON_NAME = AppIcon;
				CODE_SIGN_ENTITLEMENTS = First/First.entitlements;
				CODE_SIGN_IDENTITY = "iPhone Developer";
				"CODE_SIGN_IDENTITY[sdk=iphoneos*]" = "iPhone Developer";
				INFOPLIST_FILE = First/Info.plist;
				IPHONEOS_DEPLOYMENT_TARGET = 8.2;
				LD_RUNPATH_SEARCH_PATHS = "$(inherited) @executable_path/Frameworks";
				PRODUCT_BUNDLE_IDENTIFIER = com.qburst.First;
				PRODUCT_NAME = "$(TARGET_NAME)";
				PROVISIONING_PROFILE = "";
				TARGETED_DEVICE_FAMILY = "1,2";
			};
			name = Debug;
		};
		F4477CBA1B54ECE50062C2A5 /* Release */ = {
			isa = XCBuildConfiguration;
			buildSettings = {
				ASSETCATALOG_COMPILER_APPICON_NAME = AppIcon;
				CODE_SIGN_ENTITLEMENTS = First/First.entitlements;
				CODE_SIGN_IDENTITY = "iPhone Developer";
				"CODE_SIGN_IDENTITY[sdk=iphoneos*]" = "iPhone Developer";
				INFOPLIST_FILE = First/Info.plist;
				IPHONEOS_DEPLOYMENT_TARGET = 8.2;
				LD_RUNPATH_SEARCH_PATHS = "$(inherited) @executable_path/Frameworks";
				PRODUCT_BUNDLE_IDENTIFIER = com.qburst.First;
				PRODUCT_NAME = "$(TARGET_NAME)";
				PROVISIONING_PROFILE = "";
				TARGETED_DEVICE_FAMILY = "1,2";
			};
			name = Release;
		};
		F4477CBC1B54ECE50062C2A5 /* Debug */ = {
			isa = XCBuildConfiguration;
			buildSettings = {
				BUNDLE_LOADER = "$(TEST_HOST)";
				INFOPLIST_FILE = FirstTests/Info.plist;
				LD_RUNPATH_SEARCH_PATHS = "$(inherited) @executable_path/Frameworks @loader_path/Frameworks";
				PRODUCT_BUNDLE_IDENTIFIER = com.firstios.arun.FirstTests;
				PRODUCT_NAME = "$(TARGET_NAME)";
				TEST_HOST = "$(BUILT_PRODUCTS_DIR)/First.app/First";
			};
			name = Debug;
		};
		F4477CBD1B54ECE50062C2A5 /* Release */ = {
			isa = XCBuildConfiguration;
			buildSettings = {
				BUNDLE_LOADER = "$(TEST_HOST)";
				INFOPLIST_FILE = FirstTests/Info.plist;
				LD_RUNPATH_SEARCH_PATHS = "$(inherited) @executable_path/Frameworks @loader_path/Frameworks";
				PRODUCT_BUNDLE_IDENTIFIER = com.firstios.arun.FirstTests;
				PRODUCT_NAME = "$(TARGET_NAME)";
				TEST_HOST = "$(BUILT_PRODUCTS_DIR)/First.app/First";
			};
			name = Release;
		};
		F4477CBF1B54ECE50062C2A5 /* Debug */ = {
			isa = XCBuildConfiguration;
			buildSettings = {
				INFOPLIST_FILE = FirstUITests/Info.plist;
				LD_RUNPATH_SEARCH_PATHS = "$(inherited) @executable_path/Frameworks @loader_path/Frameworks";
				PRODUCT_BUNDLE_IDENTIFIER = com.firstios.arun.FirstUITests;
				PRODUCT_NAME = "$(TARGET_NAME)";
				TEST_TARGET_NAME = First;
				USES_XCTRUNNER = YES;
			};
			name = Debug;
		};
		F4477CC01B54ECE50062C2A5 /* Release */ = {
			isa = XCBuildConfiguration;
			buildSettings = {
				INFOPLIST_FILE = FirstUITests/Info.plist;
				LD_RUNPATH_SEARCH_PATHS = "$(inherited) @executable_path/Frameworks @loader_path/Frameworks";
				PRODUCT_BUNDLE_IDENTIFIER = com.firstios.arun.FirstUITests;
				PRODUCT_NAME = "$(TARGET_NAME)";
				TEST_TARGET_NAME = First;
				USES_XCTRUNNER = YES;
			};
			name = Release;
		};
		F4827FDF1B60C88F00C3CA49 /* Debug */ = {
			isa = XCBuildConfiguration;
			buildSettings = {
				ASSETCATALOG_COMPILER_APPICON_NAME = AppIcon;
				CODE_SIGN_ENTITLEMENTS = "First WatchKit 1 App/First WatchKit 1 App.entitlements";
				CODE_SIGN_IDENTITY = "iPhone Developer";
				"CODE_SIGN_IDENTITY[sdk=iphoneos*]" = "iPhone Developer";
				IBSC_MODULE = First_WatchKit_1_Extension;
				INFOPLIST_FILE = "First WatchKit 1 App/Info.plist";
				IPHONEOS_DEPLOYMENT_TARGET = 8.2;
				PRODUCT_BUNDLE_IDENTIFIER = com.qburst.First.watchkitapp;
				PRODUCT_NAME = "$(TARGET_NAME)";
				PROVISIONING_PROFILE = "";
				SKIP_INSTALL = YES;
				TARGETED_DEVICE_FAMILY = 4;
				"TARGETED_DEVICE_FAMILY[sdk=iphonesimulator*]" = "1,4";
			};
			name = Debug;
		};
		F4827FE01B60C88F00C3CA49 /* Release */ = {
			isa = XCBuildConfiguration;
			buildSettings = {
				ASSETCATALOG_COMPILER_APPICON_NAME = AppIcon;
				CODE_SIGN_ENTITLEMENTS = "First WatchKit 1 App/First WatchKit 1 App.entitlements";
				CODE_SIGN_IDENTITY = "iPhone Developer";
				"CODE_SIGN_IDENTITY[sdk=iphoneos*]" = "iPhone Developer";
				IBSC_MODULE = First_WatchKit_1_Extension;
				INFOPLIST_FILE = "First WatchKit 1 App/Info.plist";
				IPHONEOS_DEPLOYMENT_TARGET = 8.2;
				PRODUCT_BUNDLE_IDENTIFIER = com.qburst.First.watchkitapp;
				PRODUCT_NAME = "$(TARGET_NAME)";
				PROVISIONING_PROFILE = "";
				SKIP_INSTALL = YES;
				TARGETED_DEVICE_FAMILY = 4;
				"TARGETED_DEVICE_FAMILY[sdk=iphonesimulator*]" = "1,4";
			};
			name = Release;
		};
		F4827FE21B60C88F00C3CA49 /* Debug */ = {
			isa = XCBuildConfiguration;
			buildSettings = {
				CODE_SIGN_ENTITLEMENTS = "First WatchKit 1 Extension/First WatchKit 1 Extension.entitlements";
				CODE_SIGN_IDENTITY = "iPhone Developer";
				"CODE_SIGN_IDENTITY[sdk=iphoneos*]" = "iPhone Developer";
				INFOPLIST_FILE = "First WatchKit 1 Extension/Info.plist";
				LD_RUNPATH_SEARCH_PATHS = "$(inherited) @executable_path/Frameworks @executable_path/../../Frameworks";
				PRODUCT_BUNDLE_IDENTIFIER = com.qburst.First.watchkitextension;
				PRODUCT_NAME = "${TARGET_NAME}";
				PROVISIONING_PROFILE = "";
				SKIP_INSTALL = YES;
			};
			name = Debug;
		};
		F4827FE31B60C88F00C3CA49 /* Release */ = {
			isa = XCBuildConfiguration;
			buildSettings = {
				CODE_SIGN_ENTITLEMENTS = "First WatchKit 1 Extension/First WatchKit 1 Extension.entitlements";
				CODE_SIGN_IDENTITY = "iPhone Developer";
				"CODE_SIGN_IDENTITY[sdk=iphoneos*]" = "iPhone Developer";
				INFOPLIST_FILE = "First WatchKit 1 Extension/Info.plist";
				LD_RUNPATH_SEARCH_PATHS = "$(inherited) @executable_path/Frameworks @executable_path/../../Frameworks";
				PRODUCT_BUNDLE_IDENTIFIER = com.qburst.First.watchkitextension;
				PRODUCT_NAME = "${TARGET_NAME}";
				PROVISIONING_PROFILE = "";
				SKIP_INSTALL = YES;
			};
			name = Release;
		};
/* End XCBuildConfiguration section */

/* Begin XCConfigurationList section */
		F4477C861B54ECE50062C2A5 /* Build configuration list for PBXProject "First" */ = {
			isa = XCConfigurationList;
			buildConfigurations = (
				F4477CB61B54ECE50062C2A5 /* Debug */,
				F4477CB71B54ECE50062C2A5 /* Release */,
			);
			defaultConfigurationIsVisible = 0;
			defaultConfigurationName = Release;
		};
		F4477CB81B54ECE50062C2A5 /* Build configuration list for PBXNativeTarget "First" */ = {
			isa = XCConfigurationList;
			buildConfigurations = (
				F4477CB91B54ECE50062C2A5 /* Debug */,
				F4477CBA1B54ECE50062C2A5 /* Release */,
			);
			defaultConfigurationIsVisible = 0;
			defaultConfigurationName = Release;
		};
		F4477CBB1B54ECE50062C2A5 /* Build configuration list for PBXNativeTarget "FirstTests" */ = {
			isa = XCConfigurationList;
			buildConfigurations = (
				F4477CBC1B54ECE50062C2A5 /* Debug */,
				F4477CBD1B54ECE50062C2A5 /* Release */,
			);
			defaultConfigurationIsVisible = 0;
			defaultConfigurationName = Release;
		};
		F4477CBE1B54ECE50062C2A5 /* Build configuration list for PBXNativeTarget "FirstUITests" */ = {
			isa = XCConfigurationList;
			buildConfigurations = (
				F4477CBF1B54ECE50062C2A5 /* Debug */,
				F4477CC01B54ECE50062C2A5 /* Release */,
			);
			defaultConfigurationIsVisible = 0;
			defaultConfigurationName = Release;
		};
		F4827FDE1B60C88F00C3CA49 /* Build configuration list for PBXNativeTarget "First WatchKit 1 App" */ = {
			isa = XCConfigurationList;
			buildConfigurations = (
				F4827FDF1B60C88F00C3CA49 /* Debug */,
				F4827FE01B60C88F00C3CA49 /* Release */,
			);
			defaultConfigurationIsVisible = 0;
			defaultConfigurationName = Release;
		};
		F4827FE11B60C88F00C3CA49 /* Build configuration list for PBXNativeTarget "First WatchKit 1 Extension" */ = {
			isa = XCConfigurationList;
			buildConfigurations = (
				F4827FE21B60C88F00C3CA49 /* Debug */,
				F4827FE31B60C88F00C3CA49 /* Release */,
			);
			defaultConfigurationIsVisible = 0;
			defaultConfigurationName = Release;
		};
/* End XCConfigurationList section */

/* Begin XCVersionGroup section */
		F463C4171B5A71A6009944BD /* First.xcdatamodeld */ = {
			isa = XCVersionGroup;
			children = (
				F463C4181B5A71A6009944BD /* First.xcdatamodel */,
			);
			currentVersion = F463C4181B5A71A6009944BD /* First.xcdatamodel */;
			path = First.xcdatamodeld;
			sourceTree = "<group>";
			versionGroupType = wrapper.xcdatamodel;
		};
		F46D95E41B6B649100EF5D3C /* First.xcdatamodeld */ = {
			isa = XCVersionGroup;
			children = (
				F46D95E51B6B649100EF5D3C /* First.xcdatamodel */,
			);
			currentVersion = F46D95E51B6B649100EF5D3C /* First.xcdatamodel */;
			path = First.xcdatamodeld;
			sourceTree = "<group>";
			versionGroupType = wrapper.xcdatamodel;
		};
/* End XCVersionGroup section */
	};
	rootObject = F4477C831B54ECE50062C2A5 /* Project object */;
}
