// !$*UTF8*$!
{
	archiveVersion = 1;
	classes = {
	};
	objectVersion = 46;
	objects = {

/* Begin PBXBuildFile section */
		F4477C901B54ECE50062C2A5 /* main.m in Sources */ = {isa = PBXBuildFile; fileRef = F4477C8F1B54ECE50062C2A5 /* main.m */; };
		F4477C931B54ECE50062C2A5 /* AppDelegate.m in Sources */ = {isa = PBXBuildFile; fileRef = F4477C921B54ECE50062C2A5 /* AppDelegate.m */; };
		F4477C961B54ECE50062C2A5 /* ViewController.m in Sources */ = {isa = PBXBuildFile; fileRef = F4477C951B54ECE50062C2A5 /* ViewController.m */; };
		F4477C991B54ECE50062C2A5 /* Main.storyboard in Resources */ = {isa = PBXBuildFile; fileRef = F4477C971B54ECE50062C2A5 /* Main.storyboard */; };
		F4477C9B1B54ECE50062C2A5 /* Assets.xcassets in Resources */ = {isa = PBXBuildFile; fileRef = F4477C9A1B54ECE50062C2A5 /* Assets.xcassets */; };
		F4477C9E1B54ECE50062C2A5 /* LaunchScreen.storyboard in Resources */ = {isa = PBXBuildFile; fileRef = F4477C9C1B54ECE50062C2A5 /* LaunchScreen.storyboard */; };
		F4477CA91B54ECE50062C2A5 /* FirstTests.m in Sources */ = {isa = PBXBuildFile; fileRef = F4477CA81B54ECE50062C2A5 /* FirstTests.m */; };
		F4477CB41B54ECE50062C2A5 /* FirstUITests.m in Sources */ = {isa = PBXBuildFile; fileRef = F4477CB31B54ECE50062C2A5 /* FirstUITests.m */; };
		F4477CD11B551C9E0062C2A5 /* angry_birds_cake.jpg in Resources */ = {isa = PBXBuildFile; fileRef = F4477CC11B551C9E0062C2A5 /* angry_birds_cake.jpg */; };
		F4477CD21B551C9E0062C2A5 /* creme_brelee.jpg in Resources */ = {isa = PBXBuildFile; fileRef = F4477CC21B551C9E0062C2A5 /* creme_brelee.jpg */; };
		F4477CD31B551C9E0062C2A5 /* egg_benedict.jpg in Resources */ = {isa = PBXBuildFile; fileRef = F4477CC31B551C9E0062C2A5 /* egg_benedict.jpg */; };
		F4477CD41B551C9E0062C2A5 /* full_breakfast.jpg in Resources */ = {isa = PBXBuildFile; fileRef = F4477CC41B551C9E0062C2A5 /* full_breakfast.jpg */; };
		F4477CD51B551C9E0062C2A5 /* green_tea.jpg in Resources */ = {isa = PBXBuildFile; fileRef = F4477CC51B551C9E0062C2A5 /* green_tea.jpg */; };
		F4477CD61B551C9E0062C2A5 /* ham_and_cheese_panini.jpg in Resources */ = {isa = PBXBuildFile; fileRef = F4477CC61B551C9E0062C2A5 /* ham_and_cheese_panini.jpg */; };
		F4477CD71B551C9E0062C2A5 /* ham_and_egg_sandwich.jpg in Resources */ = {isa = PBXBuildFile; fileRef = F4477CC71B551C9E0062C2A5 /* ham_and_egg_sandwich.jpg */; };
		F4477CD81B551C9E0062C2A5 /* hamburger.jpg in Resources */ = {isa = PBXBuildFile; fileRef = F4477CC81B551C9E0062C2A5 /* hamburger.jpg */; };
		F4477CD91B551C9E0062C2A5 /* instant_noodle_with_egg.jpg in Resources */ = {isa = PBXBuildFile; fileRef = F4477CC91B551C9E0062C2A5 /* instant_noodle_with_egg.jpg */; };
		F4477CDA1B551C9E0062C2A5 /* japanese_noodle_with_pork.jpg in Resources */ = {isa = PBXBuildFile; fileRef = F4477CCA1B551C9E0062C2A5 /* japanese_noodle_with_pork.jpg */; };
		F4477CDB1B551C9E0062C2A5 /* mushroom_risotto.jpg in Resources */ = {isa = PBXBuildFile; fileRef = F4477CCB1B551C9E0062C2A5 /* mushroom_risotto.jpg */; };
		F4477CDC1B551C9E0062C2A5 /* noodle_with_bbq_pork.jpg in Resources */ = {isa = PBXBuildFile; fileRef = F4477CCC1B551C9E0062C2A5 /* noodle_with_bbq_pork.jpg */; };
		F4477CDD1B551C9E0062C2A5 /* starbucks_coffee.jpg in Resources */ = {isa = PBXBuildFile; fileRef = F4477CCD1B551C9E0062C2A5 /* starbucks_coffee.jpg */; };
		F4477CDE1B551C9E0062C2A5 /* thai_shrimp_cake.jpg in Resources */ = {isa = PBXBuildFile; fileRef = F4477CCE1B551C9E0062C2A5 /* thai_shrimp_cake.jpg */; };
		F4477CDF1B551C9E0062C2A5 /* vegetable_curry.jpg in Resources */ = {isa = PBXBuildFile; fileRef = F4477CCF1B551C9E0062C2A5 /* vegetable_curry.jpg */; };
		F4477CE01B551C9E0062C2A5 /* white_chocolate_donut.jpg in Resources */ = {isa = PBXBuildFile; fileRef = F4477CD01B551C9E0062C2A5 /* white_chocolate_donut.jpg */; };
		F4477CE61B5520C60062C2A5 /* SimpleTableCell.xib in Resources */ = {isa = PBXBuildFile; fileRef = F4477CE51B5520C60062C2A5 /* SimpleTableCell.xib */; };
		F4477CEC1B5527CA0062C2A5 /* SimpleTableCell.m in Sources */ = {isa = PBXBuildFile; fileRef = F4477CEB1B5527CA0062C2A5 /* SimpleTableCell.m */; };
		F4477CEE1B553A2B0062C2A5 /* even.png in Resources */ = {isa = PBXBuildFile; fileRef = F4477CED1B553A2B0062C2A5 /* even.png */; };
/* End PBXBuildFile section */

/* Begin PBXContainerItemProxy section */
		F4477CA51B54ECE50062C2A5 /* PBXContainerItemProxy */ = {
			isa = PBXContainerItemProxy;
			containerPortal = F4477C831B54ECE50062C2A5 /* Project object */;
			proxyType = 1;
			remoteGlobalIDString = F4477C8A1B54ECE50062C2A5;
			remoteInfo = First;
		};
		F4477CB01B54ECE50062C2A5 /* PBXContainerItemProxy */ = {
			isa = PBXContainerItemProxy;
			containerPortal = F4477C831B54ECE50062C2A5 /* Project object */;
			proxyType = 1;
			remoteGlobalIDString = F4477C8A1B54ECE50062C2A5;
			remoteInfo = First;
		};
/* End PBXContainerItemProxy section */

/* Begin PBXFileReference section */
		F4477C8B1B54ECE50062C2A5 /* First.app */ = {isa = PBXFileReference; explicitFileType = wrapper.application; includeInIndex = 0; path = First.app; sourceTree = BUILT_PRODUCTS_DIR; };
		F4477C8F1B54ECE50062C2A5 /* main.m */ = {isa = PBXFileReference; lastKnownFileType = sourcecode.c.objc; path = main.m; sourceTree = "<group>"; };
		F4477C911B54ECE50062C2A5 /* AppDelegate.h */ = {isa = PBXFileReference; lastKnownFileType = sourcecode.c.h; path = AppDelegate.h; sourceTree = "<group>"; };
		F4477C921B54ECE50062C2A5 /* AppDelegate.m */ = {isa = PBXFileReference; lastKnownFileType = sourcecode.c.objc; path = AppDelegate.m; sourceTree = "<group>"; };
		F4477C941B54ECE50062C2A5 /* ViewController.h */ = {isa = PBXFileReference; lastKnownFileType = sourcecode.c.h; path = ViewController.h; sourceTree = "<group>"; };
		F4477C951B54ECE50062C2A5 /* ViewController.m */ = {isa = PBXFileReference; lastKnownFileType = sourcecode.c.objc; path = ViewController.m; sourceTree = "<group>"; };
		F4477C981B54ECE50062C2A5 /* Base */ = {isa = PBXFileReference; lastKnownFileType = file.storyboard; name = Base; path = Base.lproj/Main.storyboard; sourceTree = "<group>"; };
		F4477C9A1B54ECE50062C2A5 /* Assets.xcassets */ = {isa = PBXFileReference; lastKnownFileType = folder.assetcatalog; path = Assets.xcassets; sourceTree = "<group>"; };
		F4477C9D1B54ECE50062C2A5 /* Base */ = {isa = PBXFileReference; lastKnownFileType = file.storyboard; name = Base; path = Base.lproj/LaunchScreen.storyboard; sourceTree = "<group>"; };
		F4477C9F1B54ECE50062C2A5 /* Info.plist */ = {isa = PBXFileReference; lastKnownFileType = text.plist.xml; path = Info.plist; sourceTree = "<group>"; };
		F4477CA41B54ECE50062C2A5 /* FirstTests.xctest */ = {isa = PBXFileReference; explicitFileType = wrapper.cfbundle; includeInIndex = 0; path = FirstTests.xctest; sourceTree = BUILT_PRODUCTS_DIR; };
		F4477CA81B54ECE50062C2A5 /* FirstTests.m */ = {isa = PBXFileReference; lastKnownFileType = sourcecode.c.objc; path = FirstTests.m; sourceTree = "<group>"; };
		F4477CAA1B54ECE50062C2A5 /* Info.plist */ = {isa = PBXFileReference; lastKnownFileType = text.plist.xml; path = Info.plist; sourceTree = "<group>"; };
		F4477CAF1B54ECE50062C2A5 /* FirstUITests.xctest */ = {isa = PBXFileReference; explicitFileType = wrapper.cfbundle; includeInIndex = 0; path = FirstUITests.xctest; sourceTree = BUILT_PRODUCTS_DIR; };
		F4477CB31B54ECE50062C2A5 /* FirstUITests.m */ = {isa = PBXFileReference; lastKnownFileType = sourcecode.c.objc; path = FirstUITests.m; sourceTree = "<group>"; };
		F4477CB51B54ECE50062C2A5 /* Info.plist */ = {isa = PBXFileReference; lastKnownFileType = text.plist.xml; path = Info.plist; sourceTree = "<group>"; };
		F4477CC11B551C9E0062C2A5 /* angry_birds_cake.jpg */ = {isa = PBXFileReference; lastKnownFileType = image.jpeg; path = angry_birds_cake.jpg; sourceTree = "<group>"; };
		F4477CC21B551C9E0062C2A5 /* creme_brelee.jpg */ = {isa = PBXFileReference; lastKnownFileType = image.jpeg; path = creme_brelee.jpg; sourceTree = "<group>"; };
		F4477CC31B551C9E0062C2A5 /* egg_benedict.jpg */ = {isa = PBXFileReference; lastKnownFileType = image.jpeg; path = egg_benedict.jpg; sourceTree = "<group>"; };
		F4477CC41B551C9E0062C2A5 /* full_breakfast.jpg */ = {isa = PBXFileReference; lastKnownFileType = image.jpeg; path = full_breakfast.jpg; sourceTree = "<group>"; };
		F4477CC51B551C9E0062C2A5 /* green_tea.jpg */ = {isa = PBXFileReference; lastKnownFileType = image.jpeg; path = green_tea.jpg; sourceTree = "<group>"; };
		F4477CC61B551C9E0062C2A5 /* ham_and_cheese_panini.jpg */ = {isa = PBXFileReference; lastKnownFileType = image.jpeg; path = ham_and_cheese_panini.jpg; sourceTree = "<group>"; };
		F4477CC71B551C9E0062C2A5 /* ham_and_egg_sandwich.jpg */ = {isa = PBXFileReference; lastKnownFileType = image.jpeg; path = ham_and_egg_sandwich.jpg; sourceTree = "<group>"; };
		F4477CC81B551C9E0062C2A5 /* hamburger.jpg */ = {isa = PBXFileReference; lastKnownFileType = image.jpeg; path = hamburger.jpg; sourceTree = "<group>"; };
		F4477CC91B551C9E0062C2A5 /* instant_noodle_with_egg.jpg */ = {isa = PBXFileReference; lastKnownFileType = image.jpeg; path = instant_noodle_with_egg.jpg; sourceTree = "<group>"; };
		F4477CCA1B551C9E0062C2A5 /* japanese_noodle_with_pork.jpg */ = {isa = PBXFileReference; lastKnownFileType = image.jpeg; path = japanese_noodle_with_pork.jpg; sourceTree = "<group>"; };
		F4477CCB1B551C9E0062C2A5 /* mushroom_risotto.jpg */ = {isa = PBXFileReference; lastKnownFileType = image.jpeg; path = mushroom_risotto.jpg; sourceTree = "<group>"; };
		F4477CCC1B551C9E0062C2A5 /* noodle_with_bbq_pork.jpg */ = {isa = PBXFileReference; lastKnownFileType = image.jpeg; path = noodle_with_bbq_pork.jpg; sourceTree = "<group>"; };
		F4477CCD1B551C9E0062C2A5 /* starbucks_coffee.jpg */ = {isa = PBXFileReference; lastKnownFileType = image.jpeg; path = starbucks_coffee.jpg; sourceTree = "<group>"; };
		F4477CCE1B551C9E0062C2A5 /* thai_shrimp_cake.jpg */ = {isa = PBXFileReference; lastKnownFileType = image.jpeg; path = thai_shrimp_cake.jpg; sourceTree = "<group>"; };
		F4477CCF1B551C9E0062C2A5 /* vegetable_curry.jpg */ = {isa = PBXFileReference; lastKnownFileType = image.jpeg; path = vegetable_curry.jpg; sourceTree = "<group>"; };
		F4477CD01B551C9E0062C2A5 /* white_chocolate_donut.jpg */ = {isa = PBXFileReference; lastKnownFileType = image.jpeg; path = white_chocolate_donut.jpg; sourceTree = "<group>"; };
		F4477CE51B5520C60062C2A5 /* SimpleTableCell.xib */ = {isa = PBXFileReference; fileEncoding = 4; lastKnownFileType = file.xib; path = SimpleTableCell.xib; sourceTree = "<group>"; };
		F4477CEA1B5527CA0062C2A5 /* SimpleTableCell.h */ = {isa = PBXFileReference; fileEncoding = 4; lastKnownFileType = sourcecode.c.h; path = SimpleTableCell.h; sourceTree = "<group>"; };
		F4477CEB1B5527CA0062C2A5 /* SimpleTableCell.m */ = {isa = PBXFileReference; fileEncoding = 4; lastKnownFileType = sourcecode.c.objc; path = SimpleTableCell.m; sourceTree = "<group>"; };
		F4477CED1B553A2B0062C2A5 /* even.png */ = {isa = PBXFileReference; lastKnownFileType = image.png; path = even.png; sourceTree = "<group>"; };
/* End PBXFileReference section */

/* Begin PBXFrameworksBuildPhase section */
		F4477C881B54ECE50062C2A5 /* Frameworks */ = {
			isa = PBXFrameworksBuildPhase;
			buildActionMask = 2147483647;
			files = (
			);
			runOnlyForDeploymentPostprocessing = 0;
		};
		F4477CA11B54ECE50062C2A5 /* Frameworks */ = {
			isa = PBXFrameworksBuildPhase;
			buildActionMask = 2147483647;
			files = (
			);
			runOnlyForDeploymentPostprocessing = 0;
		};
		F4477CAC1B54ECE50062C2A5 /* Frameworks */ = {
			isa = PBXFrameworksBuildPhase;
			buildActionMask = 2147483647;
			files = (
			);
			runOnlyForDeploymentPostprocessing = 0;
		};
/* End PBXFrameworksBuildPhase section */

/* Begin PBXGroup section */
		F4477C821B54ECE50062C2A5 = {
			isa = PBXGroup;
			children = (
				F4477C8D1B54ECE50062C2A5 /* First */,
				F4477CA71B54ECE50062C2A5 /* FirstTests */,
				F4477CB21B54ECE50062C2A5 /* FirstUITests */,
				F4477C8C1B54ECE50062C2A5 /* Products */,
			);
			sourceTree = "<group>";
		};
		F4477C8C1B54ECE50062C2A5 /* Products */ = {
			isa = PBXGroup;
			children = (
				F4477C8B1B54ECE50062C2A5 /* First.app */,
				F4477CA41B54ECE50062C2A5 /* FirstTests.xctest */,
				F4477CAF1B54ECE50062C2A5 /* FirstUITests.xctest */,
			);
			name = Products;
			sourceTree = "<group>";
		};
		F4477C8D1B54ECE50062C2A5 /* First */ = {
			isa = PBXGroup;
			children = (
				F4477CED1B553A2B0062C2A5 /* even.png */,
				F4477CC11B551C9E0062C2A5 /* angry_birds_cake.jpg */,
				F4477CC21B551C9E0062C2A5 /* creme_brelee.jpg */,
				F4477CC31B551C9E0062C2A5 /* egg_benedict.jpg */,
				F4477CC41B551C9E0062C2A5 /* full_breakfast.jpg */,
				F4477CC51B551C9E0062C2A5 /* green_tea.jpg */,
				F4477CC61B551C9E0062C2A5 /* ham_and_cheese_panini.jpg */,
				F4477CC71B551C9E0062C2A5 /* ham_and_egg_sandwich.jpg */,
				F4477CC81B551C9E0062C2A5 /* hamburger.jpg */,
				F4477CC91B551C9E0062C2A5 /* instant_noodle_with_egg.jpg */,
				F4477CCA1B551C9E0062C2A5 /* japanese_noodle_with_pork.jpg */,
				F4477CCB1B551C9E0062C2A5 /* mushroom_risotto.jpg */,
				F4477CCC1B551C9E0062C2A5 /* noodle_with_bbq_pork.jpg */,
				F4477CCD1B551C9E0062C2A5 /* starbucks_coffee.jpg */,
				F4477CCE1B551C9E0062C2A5 /* thai_shrimp_cake.jpg */,
				F4477CCF1B551C9E0062C2A5 /* vegetable_curry.jpg */,
				F4477CD01B551C9E0062C2A5 /* white_chocolate_donut.jpg */,
				F4477C911B54ECE50062C2A5 /* AppDelegate.h */,
				F4477C921B54ECE50062C2A5 /* AppDelegate.m */,
				F4477C941B54ECE50062C2A5 /* ViewController.h */,
				F4477C951B54ECE50062C2A5 /* ViewController.m */,
				F4477C971B54ECE50062C2A5 /* Main.storyboard */,
				F4477C9A1B54ECE50062C2A5 /* Assets.xcassets */,
				F4477C9C1B54ECE50062C2A5 /* LaunchScreen.storyboard */,
				F4477CE51B5520C60062C2A5 /* SimpleTableCell.xib */,
				F4477CEB1B5527CA0062C2A5 /* SimpleTableCell.m */,
				F4477CEA1B5527CA0062C2A5 /* SimpleTableCell.h */,
				F4477C9F1B54ECE50062C2A5 /* Info.plist */,
				F4477C8E1B54ECE50062C2A5 /* Supporting Files */,
			);
			path = First;
			sourceTree = "<group>";
		};
		F4477C8E1B54ECE50062C2A5 /* Supporting Files */ = {
			isa = PBXGroup;
			children = (
				F4477C8F1B54ECE50062C2A5 /* main.m */,
			);
			name = "Supporting Files";
			sourceTree = "<group>";
		};
		F4477CA71B54ECE50062C2A5 /* FirstTests */ = {
			isa = PBXGroup;
			children = (
				F4477CA81B54ECE50062C2A5 /* FirstTests.m */,
				F4477CAA1B54ECE50062C2A5 /* Info.plist */,
			);
			path = FirstTests;
			sourceTree = "<group>";
		};
		F4477CB21B54ECE50062C2A5 /* FirstUITests */ = {
			isa = PBXGroup;
			children = (
				F4477CB31B54ECE50062C2A5 /* FirstUITests.m */,
				F4477CB51B54ECE50062C2A5 /* Info.plist */,
			);
			path = FirstUITests;
			sourceTree = "<group>";
		};
/* End PBXGroup section */

/* Begin PBXNativeTarget section */
		F4477C8A1B54ECE50062C2A5 /* First */ = {
			isa = PBXNativeTarget;
			buildConfigurationList = F4477CB81B54ECE50062C2A5 /* Build configuration list for PBXNativeTarget "First" */;
			buildPhases = (
				F4477C871B54ECE50062C2A5 /* Sources */,
				F4477C881B54ECE50062C2A5 /* Frameworks */,
				F4477C891B54ECE50062C2A5 /* Resources */,
			);
			buildRules = (
			);
			dependencies = (
			);
			name = First;
			productName = First;
			productReference = F4477C8B1B54ECE50062C2A5 /* First.app */;
			productType = "com.apple.product-type.application";
		};
		F4477CA31B54ECE50062C2A5 /* FirstTests */ = {
			isa = PBXNativeTarget;
			buildConfigurationList = F4477CBB1B54ECE50062C2A5 /* Build configuration list for PBXNativeTarget "FirstTests" */;
			buildPhases = (
				F4477CA01B54ECE50062C2A5 /* Sources */,
				F4477CA11B54ECE50062C2A5 /* Frameworks */,
				F4477CA21B54ECE50062C2A5 /* Resources */,
			);
			buildRules = (
			);
			dependencies = (
				F4477CA61B54ECE50062C2A5 /* PBXTargetDependency */,
			);
			name = FirstTests;
			productName = FirstTests;
			productReference = F4477CA41B54ECE50062C2A5 /* FirstTests.xctest */;
			productType = "com.apple.product-type.bundle.unit-test";
		};
		F4477CAE1B54ECE50062C2A5 /* FirstUITests */ = {
			isa = PBXNativeTarget;
			buildConfigurationList = F4477CBE1B54ECE50062C2A5 /* Build configuration list for PBXNativeTarget "FirstUITests" */;
			buildPhases = (
				F4477CAB1B54ECE50062C2A5 /* Sources */,
				F4477CAC1B54ECE50062C2A5 /* Frameworks */,
				F4477CAD1B54ECE50062C2A5 /* Resources */,
			);
			buildRules = (
			);
			dependencies = (
				F4477CB11B54ECE50062C2A5 /* PBXTargetDependency */,
			);
			name = FirstUITests;
			productName = FirstUITests;
			productReference = F4477CAF1B54ECE50062C2A5 /* FirstUITests.xctest */;
			productType = "com.apple.product-type.bundle.ui-testing";
		};
/* End PBXNativeTarget section */

/* Begin PBXProject section */
		F4477C831B54ECE50062C2A5 /* Project object */ = {
			isa = PBXProject;
			attributes = {
				LastUpgradeCheck = 0700;
				ORGANIZATIONNAME = "Arun Kumar";
				TargetAttributes = {
					F4477C8A1B54ECE50062C2A5 = {
						CreatedOnToolsVersion = 7.0;
					};
					F4477CA31B54ECE50062C2A5 = {
						CreatedOnToolsVersion = 7.0;
						TestTargetID = F4477C8A1B54ECE50062C2A5;
					};
					F4477CAE1B54ECE50062C2A5 = {
						CreatedOnToolsVersion = 7.0;
						TestTargetID = F4477C8A1B54ECE50062C2A5;
					};
				};
			};
			buildConfigurationList = F4477C861B54ECE50062C2A5 /* Build configuration list for PBXProject "First" */;
			compatibilityVersion = "Xcode 3.2";
			developmentRegion = English;
			hasScannedForEncodings = 0;
			knownRegions = (
				en,
				Base,
			);
			mainGroup = F4477C821B54ECE50062C2A5;
			productRefGroup = F4477C8C1B54ECE50062C2A5 /* Products */;
			projectDirPath = "";
			projectRoot = "";
			targets = (
				F4477C8A1B54ECE50062C2A5 /* First */,
				F4477CA31B54ECE50062C2A5 /* FirstTests */,
				F4477CAE1B54ECE50062C2A5 /* FirstUITests */,
			);
		};
/* End PBXProject section */

/* Begin PBXResourcesBuildPhase section */
		F4477C891B54ECE50062C2A5 /* Resources */ = {
			isa = PBXResourcesBuildPhase;
			buildActionMask = 2147483647;
			files = (
				F4477CD41B551C9E0062C2A5 /* full_breakfast.jpg in Resources */,
				F4477C9E1B54ECE50062C2A5 /* LaunchScreen.storyboard in Resources */,
				F4477CEE1B553A2B0062C2A5 /* even.png in Resources */,
				F4477CD21B551C9E0062C2A5 /* creme_brelee.jpg in Resources */,
				F4477CDF1B551C9E0062C2A5 /* vegetable_curry.jpg in Resources */,
				F4477CDE1B551C9E0062C2A5 /* thai_shrimp_cake.jpg in Resources */,
				F4477C9B1B54ECE50062C2A5 /* Assets.xcassets in Resources */,
				F4477CE01B551C9E0062C2A5 /* white_chocolate_donut.jpg in Resources */,
				F4477CD91B551C9E0062C2A5 /* instant_noodle_with_egg.jpg in Resources */,
				F4477CD81B551C9E0062C2A5 /* hamburger.jpg in Resources */,
				F4477CE61B5520C60062C2A5 /* SimpleTableCell.xib in Resources */,
				F4477CDC1B551C9E0062C2A5 /* noodle_with_bbq_pork.jpg in Resources */,
				F4477CD11B551C9E0062C2A5 /* angry_birds_cake.jpg in Resources */,
				F4477C991B54ECE50062C2A5 /* Main.storyboard in Resources */,
				F4477CD61B551C9E0062C2A5 /* ham_and_cheese_panini.jpg in Resources */,
				F4477CD51B551C9E0062C2A5 /* green_tea.jpg in Resources */,
				F4477CDB1B551C9E0062C2A5 /* mushroom_risotto.jpg in Resources */,
				F4477CDD1B551C9E0062C2A5 /* starbucks_coffee.jpg in Resources */,
				F4477CD31B551C9E0062C2A5 /* egg_benedict.jpg in Resources */,
				F4477CD71B551C9E0062C2A5 /* ham_and_egg_sandwich.jpg in Resources */,
				F4477CDA1B551C9E0062C2A5 /* japanese_noodle_with_pork.jpg in Resources */,
			);
			runOnlyForDeploymentPostprocessing = 0;
		};
		F4477CA21B54ECE50062C2A5 /* Resources */ = {
			isa = PBXResourcesBuildPhase;
			buildActionMask = 2147483647;
			files = (
			);
			runOnlyForDeploymentPostprocessing = 0;
		};
		F4477CAD1B54ECE50062C2A5 /* Resources */ = {
			isa = PBXResourcesBuildPhase;
			buildActionMask = 2147483647;
			files = (
			);
			runOnlyForDeploymentPostprocessing = 0;
		};
/* End PBXResourcesBuildPhase section */

/* Begin PBXSourcesBuildPhase section */
		F4477C871B54ECE50062C2A5 /* Sources */ = {
			isa = PBXSourcesBuildPhase;
			buildActionMask = 2147483647;
			files = (
				F4477C961B54ECE50062C2A5 /* ViewController.m in Sources */,
				F4477C931B54ECE50062C2A5 /* AppDelegate.m in Sources */,
				F4477CEC1B5527CA0062C2A5 /* SimpleTableCell.m in Sources */,
				F4477C901B54ECE50062C2A5 /* main.m in Sources */,
			);
			runOnlyForDeploymentPostprocessing = 0;
		};
		F4477CA01B54ECE50062C2A5 /* Sources */ = {
			isa = PBXSourcesBuildPhase;
			buildActionMask = 2147483647;
			files = (
				F4477CA91B54ECE50062C2A5 /* FirstTests.m in Sources */,
			);
			runOnlyForDeploymentPostprocessing = 0;
		};
		F4477CAB1B54ECE50062C2A5 /* Sources */ = {
			isa = PBXSourcesBuildPhase;
			buildActionMask = 2147483647;
			files = (
				F4477CB41B54ECE50062C2A5 /* FirstUITests.m in Sources */,
			);
			runOnlyForDeploymentPostprocessing = 0;
		};
/* End PBXSourcesBuildPhase section */

/* Begin PBXTargetDependency section */
		F4477CA61B54ECE50062C2A5 /* PBXTargetDependency */ = {
			isa = PBXTargetDependency;
			target = F4477C8A1B54ECE50062C2A5 /* First */;
			targetProxy = F4477CA51B54ECE50062C2A5 /* PBXContainerItemProxy */;
		};
		F4477CB11B54ECE50062C2A5 /* PBXTargetDependency */ = {
			isa = PBXTargetDependency;
			target = F4477C8A1B54ECE50062C2A5 /* First */;
			targetProxy = F4477CB01B54ECE50062C2A5 /* PBXContainerItemProxy */;
		};
/* End PBXTargetDependency section */

/* Begin PBXVariantGroup section */
		F4477C971B54ECE50062C2A5 /* Main.storyboard */ = {
			isa = PBXVariantGroup;
			children = (
				F4477C981B54ECE50062C2A5 /* Base */,
			);
			name = Main.storyboard;
			sourceTree = "<group>";
		};
		F4477C9C1B54ECE50062C2A5 /* LaunchScreen.storyboard */ = {
			isa = PBXVariantGroup;
			children = (
				F4477C9D1B54ECE50062C2A5 /* Base */,
			);
			name = LaunchScreen.storyboard;
			sourceTree = "<group>";
		};
/* End PBXVariantGroup section */

/* Begin XCBuildConfiguration section */
		F4477CB61B54ECE50062C2A5 /* Debug */ = {
			isa = XCBuildConfiguration;
			buildSettings = {
				ALWAYS_SEARCH_USER_PATHS = NO;
				CLANG_CXX_LANGUAGE_STANDARD = "gnu++0x";
				CLANG_CXX_LIBRARY = "libc++";
				CLANG_ENABLE_MODULES = YES;
				CLANG_ENABLE_OBJC_ARC = YES;
				CLANG_WARN_BOOL_CONVERSION = YES;
				CLANG_WARN_CONSTANT_CONVERSION = YES;
				CLANG_WARN_DIRECT_OBJC_ISA_USAGE = YES_ERROR;
				CLANG_WARN_EMPTY_BODY = YES;
				CLANG_WARN_ENUM_CONVERSION = YES;
				CLANG_WARN_INT_CONVERSION = YES;
				CLANG_WARN_OBJC_ROOT_CLASS = YES_ERROR;
				CLANG_WARN_UNREACHABLE_CODE = YES;
				CLANG_WARN__DUPLICATE_METHOD_MATCH = YES;
				"CODE_SIGN_IDENTITY[sdk=iphoneos*]" = "iPhone Developer";
				COPY_PHASE_STRIP = NO;
				DEBUG_INFORMATION_FORMAT = dwarf;
				ENABLE_STRICT_OBJC_MSGSEND = YES;
				ENABLE_TESTABILITY = YES;
				GCC_C_LANGUAGE_STANDARD = gnu99;
				GCC_DYNAMIC_NO_PIC = NO;
				GCC_NO_COMMON_BLOCKS = YES;
				GCC_OPTIMIZATION_LEVEL = 0;
				GCC_PREPROCESSOR_DEFINITIONS = (
					"DEBUG=1",
					"$(inherited)",
				);
				GCC_WARN_64_TO_32_BIT_CONVERSION = YES;
				GCC_WARN_ABOUT_RETURN_TYPE = YES_ERROR;
				GCC_WARN_UNDECLARED_SELECTOR = YES;
				GCC_WARN_UNINITIALIZED_AUTOS = YES_AGGRESSIVE;
				GCC_WARN_UNUSED_FUNCTION = YES;
				GCC_WARN_UNUSED_VARIABLE = YES;
				IPHONEOS_DEPLOYMENT_TARGET = 9.0;
				MTL_ENABLE_DEBUG_INFO = YES;
				ONLY_ACTIVE_ARCH = YES;
				SDKROOT = iphoneos;
			};
			name = Debug;
		};
		F4477CB71B54ECE50062C2A5 /* Release */ = {
			isa = XCBuildConfiguration;
			buildSettings = {
				ALWAYS_SEARCH_USER_PATHS = NO;
				CLANG_CXX_LANGUAGE_STANDARD = "gnu++0x";
				CLANG_CXX_LIBRARY = "libc++";
				CLANG_ENABLE_MODULES = YES;
				CLANG_ENABLE_OBJC_ARC = YES;
				CLANG_WARN_BOOL_CONVERSION = YES;
				CLANG_WARN_CONSTANT_CONVERSION = YES;
				CLANG_WARN_DIRECT_OBJC_ISA_USAGE = YES_ERROR;
				CLANG_WARN_EMPTY_BODY = YES;
				CLANG_WARN_ENUM_CONVERSION = YES;
				CLANG_WARN_INT_CONVERSION = YES;
				CLANG_WARN_OBJC_ROOT_CLASS = YES_ERROR;
				CLANG_WARN_UNREACHABLE_CODE = YES;
				CLANG_WARN__DUPLICATE_METHOD_MATCH = YES;
				"CODE_SIGN_IDENTITY[sdk=iphoneos*]" = "iPhone Developer";
				COPY_PHASE_STRIP = NO;
				DEBUG_INFORMATION_FORMAT = "dwarf-with-dsym";
				ENABLE_NS_ASSERTIONS = NO;
				ENABLE_STRICT_OBJC_MSGSEND = YES;
				GCC_C_LANGUAGE_STANDARD = gnu99;
				GCC_NO_COMMON_BLOCKS = YES;
				GCC_WARN_64_TO_32_BIT_CONVERSION = YES;
				GCC_WARN_ABOUT_RETURN_TYPE = YES_ERROR;
				GCC_WARN_UNDECLARED_SELECTOR = YES;
				GCC_WARN_UNINITIALIZED_AUTOS = YES_AGGRESSIVE;
				GCC_WARN_UNUSED_FUNCTION = YES;
				GCC_WARN_UNUSED_VARIABLE = YES;
				IPHONEOS_DEPLOYMENT_TARGET = 9.0;
				MTL_ENABLE_DEBUG_INFO = NO;
				SDKROOT = iphoneos;
				VALIDATE_PRODUCT = YES;
			};
			name = Release;
		};
		F4477CB91B54ECE50062C2A5 /* Debug */ = {
			isa = XCBuildConfiguration;
			buildSettings = {
				ASSETCATALOG_COMPILER_APPICON_NAME = AppIcon;
				INFOPLIST_FILE = First/Info.plist;
				LD_RUNPATH_SEARCH_PATHS = "$(inherited) @executable_path/Frameworks";
				PRODUCT_BUNDLE_IDENTIFIER = com.firstios.arun.First;
				PRODUCT_NAME = "$(TARGET_NAME)";
			};
			name = Debug;
		};
		F4477CBA1B54ECE50062C2A5 /* Release */ = {
			isa = XCBuildConfiguration;
			buildSettings = {
				ASSETCATALOG_COMPILER_APPICON_NAME = AppIcon;
				INFOPLIST_FILE = First/Info.plist;
				LD_RUNPATH_SEARCH_PATHS = "$(inherited) @executable_path/Frameworks";
				PRODUCT_BUNDLE_IDENTIFIER = com.firstios.arun.First;
				PRODUCT_NAME = "$(TARGET_NAME)";
			};
			name = Release;
		};
		F4477CBC1B54ECE50062C2A5 /* Debug */ = {
			isa = XCBuildConfiguration;
			buildSettings = {
				BUNDLE_LOADER = "$(TEST_HOST)";
				INFOPLIST_FILE = FirstTests/Info.plist;
				LD_RUNPATH_SEARCH_PATHS = "$(inherited) @executable_path/Frameworks @loader_path/Frameworks";
				PRODUCT_BUNDLE_IDENTIFIER = com.firstios.arun.FirstTests;
				PRODUCT_NAME = "$(TARGET_NAME)";
				TEST_HOST = "$(BUILT_PRODUCTS_DIR)/First.app/First";
			};
			name = Debug;
		};
		F4477CBD1B54ECE50062C2A5 /* Release */ = {
			isa = XCBuildConfiguration;
			buildSettings = {
				BUNDLE_LOADER = "$(TEST_HOST)";
				INFOPLIST_FILE = FirstTests/Info.plist;
				LD_RUNPATH_SEARCH_PATHS = "$(inherited) @executable_path/Frameworks @loader_path/Frameworks";
				PRODUCT_BUNDLE_IDENTIFIER = com.firstios.arun.FirstTests;
				PRODUCT_NAME = "$(TARGET_NAME)";
				TEST_HOST = "$(BUILT_PRODUCTS_DIR)/First.app/First";
			};
			name = Release;
		};
		F4477CBF1B54ECE50062C2A5 /* Debug */ = {
			isa = XCBuildConfiguration;
			buildSettings = {
				INFOPLIST_FILE = FirstUITests/Info.plist;
				LD_RUNPATH_SEARCH_PATHS = "$(inherited) @executable_path/Frameworks @loader_path/Frameworks";
				PRODUCT_BUNDLE_IDENTIFIER = com.firstios.arun.FirstUITests;
				PRODUCT_NAME = "$(TARGET_NAME)";
				TEST_TARGET_NAME = First;
				USES_XCTRUNNER = YES;
			};
			name = Debug;
		};
		F4477CC01B54ECE50062C2A5 /* Release */ = {
			isa = XCBuildConfiguration;
			buildSettings = {
				INFOPLIST_FILE = FirstUITests/Info.plist;
				LD_RUNPATH_SEARCH_PATHS = "$(inherited) @executable_path/Frameworks @loader_path/Frameworks";
				PRODUCT_BUNDLE_IDENTIFIER = com.firstios.arun.FirstUITests;
				PRODUCT_NAME = "$(TARGET_NAME)";
				TEST_TARGET_NAME = First;
				USES_XCTRUNNER = YES;
			};
			name = Release;
		};
/* End XCBuildConfiguration section */

/* Begin XCConfigurationList section */
		F4477C861B54ECE50062C2A5 /* Build configuration list for PBXProject "First" */ = {
			isa = XCConfigurationList;
			buildConfigurations = (
				F4477CB61B54ECE50062C2A5 /* Debug */,
				F4477CB71B54ECE50062C2A5 /* Release */,
			);
			defaultConfigurationIsVisible = 0;
			defaultConfigurationName = Release;
		};
		F4477CB81B54ECE50062C2A5 /* Build configuration list for PBXNativeTarget "First" */ = {
			isa = XCConfigurationList;
			buildConfigurations = (
				F4477CB91B54ECE50062C2A5 /* Debug */,
				F4477CBA1B54ECE50062C2A5 /* Release */,
			);
			defaultConfigurationIsVisible = 0;
		};
		F4477CBB1B54ECE50062C2A5 /* Build configuration list for PBXNativeTarget "FirstTests" */ = {
			isa = XCConfigurationList;
			buildConfigurations = (
				F4477CBC1B54ECE50062C2A5 /* Debug */,
				F4477CBD1B54ECE50062C2A5 /* Release */,
			);
			defaultConfigurationIsVisible = 0;
		};
		F4477CBE1B54ECE50062C2A5 /* Build configuration list for PBXNativeTarget "FirstUITests" */ = {
			isa = XCConfigurationList;
			buildConfigurations = (
				F4477CBF1B54ECE50062C2A5 /* Debug */,
				F4477CC01B54ECE50062C2A5 /* Release */,
			);
			defaultConfigurationIsVisible = 0;
		};
/* End XCConfigurationList section */
	};
	rootObject = F4477C831B54ECE50062C2A5 /* Project object */;
}
